// !$*UTF8*$!
{
	archiveVersion = 1;
	classes = {
	};
	objectVersion = 52;
	objects = {

/* Begin PBXBuildFile section */
		E407861C2110CE6E006887B1 /* AppDelegate.swift in Sources */ = {isa = PBXBuildFile; fileRef = E407861B2110CE6E006887B1 /* AppDelegate.swift */; };
		E40786202110CE70006887B1 /* Assets.xcassets in Resources */ = {isa = PBXBuildFile; fileRef = E407861F2110CE70006887B1 /* Assets.xcassets */; };
		E40786232110CE70006887B1 /* Main.storyboard in Resources */ = {isa = PBXBuildFile; fileRef = E40786212110CE70006887B1 /* Main.storyboard */; };
		E407862F2110CE70006887B1 /* PersephoneTests.swift in Sources */ = {isa = PBXBuildFile; fileRef = E407862E2110CE70006887B1 /* PersephoneTests.swift */; };
		E407863A2110CE70006887B1 /* PersephoneUITests.swift in Sources */ = {isa = PBXBuildFile; fileRef = E40786392110CE70006887B1 /* PersephoneUITests.swift */; };
		E408D3B6220DD8970006D9BE /* Notification.swift in Sources */ = {isa = PBXBuildFile; fileRef = E408D3B5220DD8970006D9BE /* Notification.swift */; };
		E408D3B9220DE98F0006D9BE /* NSUserInterfaceItemIdentifier.swift in Sources */ = {isa = PBXBuildFile; fileRef = E408D3B8220DE98F0006D9BE /* NSUserInterfaceItemIdentifier.swift */; };
		E408D3BE220E03EE0006D9BE /* RawRepresentable.swift in Sources */ = {isa = PBXBuildFile; fileRef = E408D3BD220E03EE0006D9BE /* RawRepresentable.swift */; };
		E408D3C2220E134F0006D9BE /* AlbumViewController.swift in Sources */ = {isa = PBXBuildFile; fileRef = E408D3C1220E134F0006D9BE /* AlbumViewController.swift */; };
		E408D3CB220E341D0006D9BE /* AlbumViewItem.xib in Resources */ = {isa = PBXBuildFile; fileRef = E408D3C9220E341D0006D9BE /* AlbumViewItem.xib */; };
		E40FE71B221B904300A4223F /* NSEvent.swift in Sources */ = {isa = PBXBuildFile; fileRef = E40FE71A221B904300A4223F /* NSEvent.swift */; };
		E419E2872249B96600216A8C /* Song.swift in Sources */ = {isa = PBXBuildFile; fileRef = E419E2862249B96600216A8C /* Song.swift */; };
		E41B22C621FB932700D544F6 /* MPDClient.swift in Sources */ = {isa = PBXBuildFile; fileRef = E41B22C521FB932700D544F6 /* MPDClient.swift */; };
		E41E52FD223BF87300173814 /* MPDClient+Connection.swift in Sources */ = {isa = PBXBuildFile; fileRef = E41E52FC223BF87300173814 /* MPDClient+Connection.swift */; };
		E41E52FF223BF95E00173814 /* MPDClient+Transport.swift in Sources */ = {isa = PBXBuildFile; fileRef = E41E52FE223BF95E00173814 /* MPDClient+Transport.swift */; };
		E41E5301223BF99300173814 /* MPDClient+Queue.swift in Sources */ = {isa = PBXBuildFile; fileRef = E41E5300223BF99300173814 /* MPDClient+Queue.swift */; };
		E41E5303223BF9C300173814 /* MPDClient+Idle.swift in Sources */ = {isa = PBXBuildFile; fileRef = E41E5302223BF9C300173814 /* MPDClient+Idle.swift */; };
		E41E5305223BFB0700173814 /* MPDClient+Error.swift in Sources */ = {isa = PBXBuildFile; fileRef = E41E5304223BFB0700173814 /* MPDClient+Error.swift */; };
		E41E5307223C019100173814 /* MPDClient+Status.swift in Sources */ = {isa = PBXBuildFile; fileRef = E41E5306223C019100173814 /* MPDClient+Status.swift */; };
		E41E5309223C020400173814 /* MPDClient+Command.swift in Sources */ = {isa = PBXBuildFile; fileRef = E41E5308223C020400173814 /* MPDClient+Command.swift */; };
		E41E530B223C033700173814 /* MPDClient+Album.swift in Sources */ = {isa = PBXBuildFile; fileRef = E41E530A223C033700173814 /* MPDClient+Album.swift */; };
		E41EA46C221636AF0068EF46 /* GeneralPrefsViewController.swift in Sources */ = {isa = PBXBuildFile; fileRef = E41EA46B221636AF0068EF46 /* GeneralPrefsViewController.swift */; };
		E4235640228623D2001216D6 /* QueueSongInfoView.swift in Sources */ = {isa = PBXBuildFile; fileRef = E423563F228623D2001216D6 /* QueueSongInfoView.swift */; };
		E42410B62241B956005ED6DF /* MPDClient+Database.swift in Sources */ = {isa = PBXBuildFile; fileRef = E42410B52241B956005ED6DF /* MPDClient+Database.swift */; };
		E42A4D4F22E20D7D001C6CAD /* MPDTag.swift in Sources */ = {isa = PBXBuildFile; fileRef = E42A4D4E22E20D7D001C6CAD /* MPDTag.swift */; };
		E42A4D5122E2167E001C6CAD /* MPDClient+Songs.swift in Sources */ = {isa = PBXBuildFile; fileRef = E42A4D5022E2167E001C6CAD /* MPDClient+Songs.swift */; };
		E42A8F3B22176D6400A13ED9 /* LICENSE.md in Resources */ = {isa = PBXBuildFile; fileRef = E42A8F3922176D6400A13ED9 /* LICENSE.md */; };
		E42A8F3C22176D6400A13ED9 /* README.md in Resources */ = {isa = PBXBuildFile; fileRef = E42A8F3A22176D6400A13ED9 /* README.md */; };
		E435E3E2221CD4E200184CFC /* NSFont.swift in Sources */ = {isa = PBXBuildFile; fileRef = E435E3E1221CD4E200184CFC /* NSFont.swift */; };
		E435E3E4221CD75D00184CFC /* NSImage.swift in Sources */ = {isa = PBXBuildFile; fileRef = E435E3E3221CD75D00184CFC /* NSImage.swift */; };
		E439109822640213002982E9 /* SongNotifierService.swift in Sources */ = {isa = PBXBuildFile; fileRef = E439109722640213002982E9 /* SongNotifierService.swift */; };
		E43AC1F122C68E6A001E483C /* NSPasteboardItem.swift in Sources */ = {isa = PBXBuildFile; fileRef = E43AC1F022C68E6A001E483C /* NSPasteboardItem.swift */; };
		E43AC1F522C6A4F4001E483C /* DraggedAlbum.swift in Sources */ = {isa = PBXBuildFile; fileRef = E43AC1F422C6A4F4001E483C /* DraggedAlbum.swift */; };
		E43AC1F622C6AD0B001E483C /* AlbumViewController+NSCollectionViewDelegate.swift in Sources */ = {isa = PBXBuildFile; fileRef = E43AC1F222C6A439001E483C /* AlbumViewController+NSCollectionViewDelegate.swift */; };
		E43AC1F822C7065A001E483C /* AlbumCoverButton.swift in Sources */ = {isa = PBXBuildFile; fileRef = E43AC1F722C7065A001E483C /* AlbumCoverButton.swift */; };
		E43B67AA22909793007DCF55 /* AlbumDetailView.swift in Sources */ = {isa = PBXBuildFile; fileRef = E43B67A822909793007DCF55 /* AlbumDetailView.swift */; };
		E43B67AB22909793007DCF55 /* AlbumDetailView.xib in Resources */ = {isa = PBXBuildFile; fileRef = E43B67A922909793007DCF55 /* AlbumDetailView.xib */; };
		E43B67AD229194CD007DCF55 /* AlbumTracksDataSource.swift in Sources */ = {isa = PBXBuildFile; fileRef = E43B67AC229194CD007DCF55 /* AlbumTracksDataSource.swift */; };
		E43BECA0238835DC00CAF1EB /* Kingfisher in Frameworks */ = {isa = PBXBuildFile; productRef = E43BEC9F238835DC00CAF1EB /* Kingfisher */; };
		E4405192227644340090CD6F /* MPDServerController.swift in Sources */ = {isa = PBXBuildFile; fileRef = E4405191227644340090CD6F /* MPDServerController.swift */; };
		E44051942278765A0090CD6F /* App.swift in Sources */ = {isa = PBXBuildFile; fileRef = E44051932278765A0090CD6F /* App.swift */; };
		E440519C227BAF2E0090CD6F /* UIActions.swift in Sources */ = {isa = PBXBuildFile; fileRef = E440519B227BAF2E0090CD6F /* UIActions.swift */; };
		E440519E227BB0720090CD6F /* UIReducer.swift in Sources */ = {isa = PBXBuildFile; fileRef = E440519D227BB0720090CD6F /* UIReducer.swift */; };
		E44051A0227BB0AB0090CD6F /* UIState.swift in Sources */ = {isa = PBXBuildFile; fileRef = E440519F227BB0AB0090CD6F /* UIState.swift */; };
		E442CCCD2347E73C00004E0C /* Artist.swift in Sources */ = {isa = PBXBuildFile; fileRef = E442CCCC2347E73C00004E0C /* Artist.swift */; };
		E450AD7E222620A10091BED3 /* Album.swift in Sources */ = {isa = PBXBuildFile; fileRef = E450AD7D222620A10091BED3 /* Album.swift */; };
		E450AD9522262DF10091BED3 /* CoverArtQueue.swift in Sources */ = {isa = PBXBuildFile; fileRef = E450AD9422262DF10091BED3 /* CoverArtQueue.swift */; };
		E451E36B22BD214D008BE9B2 /* DraggedSongType.swift in Sources */ = {isa = PBXBuildFile; fileRef = E451E36A22BD214D008BE9B2 /* DraggedSongType.swift */; };
		E451E36E22BD2501008BE9B2 /* DraggedSong.swift in Sources */ = {isa = PBXBuildFile; fileRef = E451E36C22BD23DB008BE9B2 /* DraggedSong.swift */; };
		E45878382296173C00586A1C /* AlbumDetailSongRowView.swift in Sources */ = {isa = PBXBuildFile; fileRef = E45878372296173C00586A1C /* AlbumDetailSongRowView.swift */; };
		E45962C62241A78500FC1A1E /* MPDCommand.swift in Sources */ = {isa = PBXBuildFile; fileRef = E45962C52241A78500FC1A1E /* MPDCommand.swift */; };
		E45E4FDA22515D87004B537F /* CHANGELOG.md in Resources */ = {isa = PBXBuildFile; fileRef = E45E4FD722515D87004B537F /* CHANGELOG.md */; };
		E45E4FDB22515D87004B537F /* Brewfile in Resources */ = {isa = PBXBuildFile; fileRef = E45E4FD822515D87004B537F /* Brewfile */; };
		E465049A21E94DF500A70F4C /* WindowController.swift in Sources */ = {isa = PBXBuildFile; fileRef = E465049921E94DF500A70F4C /* WindowController.swift */; };
		E4677C48233E60E70041474F /* MediaKeyTap in Frameworks */ = {isa = PBXBuildFile; productRef = E4677C47233E60E70041474F /* MediaKeyTap */; };
		E47E2FD122205C4600F747E6 /* MainSplitViewController.swift in Sources */ = {isa = PBXBuildFile; fileRef = E47E2FD022205C4600F747E6 /* MainSplitViewController.swift */; };
		E47E2FD322205D2500F747E6 /* MainWindow.swift in Sources */ = {isa = PBXBuildFile; fileRef = E47E2FD222205D2500F747E6 /* MainWindow.swift */; };
		E47E2FD5222071FD00F747E6 /* AlbumViewItem.swift in Sources */ = {isa = PBXBuildFile; fileRef = E47E2FD4222071FD00F747E6 /* AlbumViewItem.swift */; };
		E47E2FDD2220A6D100F747E6 /* Time.swift in Sources */ = {isa = PBXBuildFile; fileRef = E47E2FDC2220A6D100F747E6 /* Time.swift */; };
		E47E2FE52220AA0700F747E6 /* FlexibleGridViewLayout.swift in Sources */ = {isa = PBXBuildFile; fileRef = E47E2FE42220AA0700F747E6 /* FlexibleGridViewLayout.swift */; };
		E489E39922B85D0400CA8CBD /* NSPasteboard.swift in Sources */ = {isa = PBXBuildFile; fileRef = E489E39822B85D0400CA8CBD /* NSPasteboard.swift */; };
		E489E39D22B9CF0000CA8CBD /* NSView.swift in Sources */ = {isa = PBXBuildFile; fileRef = E489E39C22B9CF0000CA8CBD /* NSView.swift */; };
		E489E3A422B9D31800CA8CBD /* DraggedSongView.swift in Sources */ = {isa = PBXBuildFile; fileRef = E489E3A222B9D31800CA8CBD /* DraggedSongView.swift */; };
		E489E3A522B9D31800CA8CBD /* DraggedSongView.xib in Resources */ = {isa = PBXBuildFile; fileRef = E489E3A322B9D31800CA8CBD /* DraggedSongView.xib */; };
		E4928E0B2218D62A001D4BEA /* CGColor.swift in Sources */ = {isa = PBXBuildFile; fileRef = E4928E0A2218D62A001D4BEA /* CGColor.swift */; };
		E49A5482233E580800EED353 /* PromiseKit in Frameworks */ = {isa = PBXBuildFile; productRef = E49A5481233E580800EED353 /* PromiseKit */; };
		E49A5485233E5ADC00EED353 /* Differ in Frameworks */ = {isa = PBXBuildFile; productRef = E49A5484233E5ADC00EED353 /* Differ */; };
		E49A5488233E5B0000EED353 /* ReSwift in Frameworks */ = {isa = PBXBuildFile; productRef = E49A5487233E5B0000EED353 /* ReSwift */; };
		E49A548B233E5B2D00EED353 /* CryptoSwift in Frameworks */ = {isa = PBXBuildFile; productRef = E49A548A233E5B2D00EED353 /* CryptoSwift */; };
		E49A548E233E5B6000EED353 /* SwiftyJSON in Frameworks */ = {isa = PBXBuildFile; productRef = E49A548D233E5B6000EED353 /* SwiftyJSON */; };
		E4A3A6A122A457B600EA2C40 /* AlbumDetailSongListView.swift in Sources */ = {isa = PBXBuildFile; fileRef = E4A3A6A022A457B600EA2C40 /* AlbumDetailSongListView.swift */; };
		E4A642DA22090CBE00067D21 /* MPDStatus.swift in Sources */ = {isa = PBXBuildFile; fileRef = E4A642D922090CBE00067D21 /* MPDStatus.swift */; };
		E4A83BEF2221F8CF0098FED6 /* CoverArtPrefsController.swift in Sources */ = {isa = PBXBuildFile; fileRef = E4A83BEE2221F8CF0098FED6 /* CoverArtPrefsController.swift */; };
		E4A83BF12221FAA00098FED6 /* PreferencesViewController.swift in Sources */ = {isa = PBXBuildFile; fileRef = E4A83BF02221FAA00098FED6 /* PreferencesViewController.swift */; };
		E4B11B53226928F20075461B /* AppState.swift in Sources */ = {isa = PBXBuildFile; fileRef = E4B11B52226928F20075461B /* AppState.swift */; };
		E4B11B61226A4C000075461B /* PlayerReducer.swift in Sources */ = {isa = PBXBuildFile; fileRef = E4B11B60226A4BFF0075461B /* PlayerReducer.swift */; };
		E4B11B63226A4C510075461B /* AppReducer.swift in Sources */ = {isa = PBXBuildFile; fileRef = E4B11B62226A4C510075461B /* AppReducer.swift */; };
		E4B11B66226A4F830075461B /* PlayerState.swift in Sources */ = {isa = PBXBuildFile; fileRef = E4B11B65226A4F830075461B /* PlayerState.swift */; };
		E4B11B68226A4FA00075461B /* QueueState.swift in Sources */ = {isa = PBXBuildFile; fileRef = E4B11B67226A4FA00075461B /* QueueState.swift */; };
		E4B11B6A226A4FBC0075461B /* AlbumListState.swift in Sources */ = {isa = PBXBuildFile; fileRef = E4B11B69226A4FBC0075461B /* AlbumListState.swift */; };
		E4B11B73226A6C770075461B /* TrackTimer.swift in Sources */ = {isa = PBXBuildFile; fileRef = E4B11B72226A6C770075461B /* TrackTimer.swift */; };
		E4B11B75226CC4D30075461B /* QueueReducer.swift in Sources */ = {isa = PBXBuildFile; fileRef = E4B11B74226CC4D30075461B /* QueueReducer.swift */; };
		E4B11B79226D346B0075461B /* AlbumListReducer.swift in Sources */ = {isa = PBXBuildFile; fileRef = E4B11B78226D346B0075461B /* AlbumListReducer.swift */; };
		E4B11BA62274E44A0075461B /* libmpdclient.2.dylib in Embed Frameworks */ = {isa = PBXBuildFile; fileRef = E41B22BF21FB6BBA00D544F6 /* libmpdclient.2.dylib */; settings = {ATTRIBUTES = (CodeSignOnCopy, ); }; };
		E4B11BA72274E4500075461B /* libmpdclient.2.dylib in Frameworks */ = {isa = PBXBuildFile; fileRef = E41B22BF21FB6BBA00D544F6 /* libmpdclient.2.dylib */; };
		E4B11BA92274EDE30075461B /* Loading.swift in Sources */ = {isa = PBXBuildFile; fileRef = E4B11BA82274EDE30075461B /* Loading.swift */; };
		E4B11BB62275374B0075461B /* UserNotificationsController.swift in Sources */ = {isa = PBXBuildFile; fileRef = E4B11BB52275374B0075461B /* UserNotificationsController.swift */; };
		E4B11BB8227538FA0075461B /* CurrentCoverArtView.swift in Sources */ = {isa = PBXBuildFile; fileRef = E4B11BB7227538FA0075461B /* CurrentCoverArtView.swift */; };
		E4B11BBE2275EDAA0075461B /* PlayerActions.swift in Sources */ = {isa = PBXBuildFile; fileRef = E4B11BBD2275EDAA0075461B /* PlayerActions.swift */; };
		E4B11BC02275EE150075461B /* QueueActions.swift in Sources */ = {isa = PBXBuildFile; fileRef = E4B11BBF2275EE150075461B /* QueueActions.swift */; };
		E4B11BC22275EE410075461B /* AlbumListActions.swift in Sources */ = {isa = PBXBuildFile; fileRef = E4B11BC12275EE410075461B /* AlbumListActions.swift */; };
		E4B3DF6523D66A4400728F6B /* QueueSongCoverView.swift in Sources */ = {isa = PBXBuildFile; fileRef = E4B3DF6423D66A4400728F6B /* QueueSongCoverView.swift */; };
		E4B5AE7E22F4C49600CCEC65 /* MPDServerDelegate.swift in Sources */ = {isa = PBXBuildFile; fileRef = E4B5AE7D22F4C49600CCEC65 /* MPDServerDelegate.swift */; };
		E4BBD2F323357C0700702C16 /* ArtistListState.swift in Sources */ = {isa = PBXBuildFile; fileRef = E4BBD2F223357C0700702C16 /* ArtistListState.swift */; };
		E4C8B53C22342005009A20F3 /* PreferencesWindowController.swift in Sources */ = {isa = PBXBuildFile; fileRef = E4C8B53B22342005009A20F3 /* PreferencesWindowController.swift */; };
		E4C8B53E22349002009A20F3 /* MPDIdle.swift in Sources */ = {isa = PBXBuildFile; fileRef = E4C8B53D22349002009A20F3 /* MPDIdle.swift */; };
		E4D3BFA622B419C000C56F48 /* QueueViewController+NSOutlineViewDelegate.swift in Sources */ = {isa = PBXBuildFile; fileRef = E4D3BFA522B419C000C56F48 /* QueueViewController+NSOutlineViewDelegate.swift */; };
		E4DA820623D6236200C1EE58 /* NSSize.swift in Sources */ = {isa = PBXBuildFile; fileRef = E4DA820523D6236200C1EE58 /* NSSize.swift */; };
		E4E7A6AD22AAAF98006D566C /* AlbumDetailView+NSTableViewDelegate.swift in Sources */ = {isa = PBXBuildFile; fileRef = E4E7A6AC22AAAF98006D566C /* AlbumDetailView+NSTableViewDelegate.swift */; };
		E4E8CC902204EC7F0024217A /* Delegate.swift in Sources */ = {isa = PBXBuildFile; fileRef = E4E8CC8F2204EC7F0024217A /* Delegate.swift */; };
		E4E8CC922204F4B80024217A /* QueueViewController.swift in Sources */ = {isa = PBXBuildFile; fileRef = E4E8CC912204F4B80024217A /* QueueViewController.swift */; };
		E4E8CC9A22075D370024217A /* MPDSong.swift in Sources */ = {isa = PBXBuildFile; fileRef = E4E8CC9922075D370024217A /* MPDSong.swift */; };
		E4E96D13233E630800AFD36F /* PMKFoundation in Frameworks */ = {isa = PBXBuildFile; productRef = E4E96D12233E630800AFD36F /* PMKFoundation */; };
		E4EB2379220F10B8008C70C0 /* MPDPair.swift in Sources */ = {isa = PBXBuildFile; fileRef = E4EB2378220F10B8008C70C0 /* MPDPair.swift */; };
		E4EB237B220F7CF1008C70C0 /* MPDAlbum.swift in Sources */ = {isa = PBXBuildFile; fileRef = E4EB237A220F7CF1008C70C0 /* MPDAlbum.swift */; };
		E4F26F7723411AE300D45FF9 /* ArtistListActions.swift in Sources */ = {isa = PBXBuildFile; fileRef = E4F26F7623411AE300D45FF9 /* ArtistListActions.swift */; };
		E4F26F7923411B1500D45FF9 /* ArtistReducer.swift in Sources */ = {isa = PBXBuildFile; fileRef = E4F26F7823411B1500D45FF9 /* ArtistReducer.swift */; };
		E4F26F7B23411D5400D45FF9 /* MPDClient+Artist.swift in Sources */ = {isa = PBXBuildFile; fileRef = E4F26F7A23411D5400D45FF9 /* MPDClient+Artist.swift */; };
		E4F6B460221E119B00ACF42A /* QueueDataSource.swift in Sources */ = {isa = PBXBuildFile; fileRef = E4F6B45F221E119B00ACF42A /* QueueDataSource.swift */; };
		E4F6B463221E125900ACF42A /* QueueItem.swift in Sources */ = {isa = PBXBuildFile; fileRef = E4F6B462221E125900ACF42A /* QueueItem.swift */; };
		E4F6B467221E233200ACF42A /* AlbumDataSource.swift in Sources */ = {isa = PBXBuildFile; fileRef = E4F6B466221E233200ACF42A /* AlbumDataSource.swift */; };
		E4FF718E2276010E00D4C412 /* PreferencesState.swift in Sources */ = {isa = PBXBuildFile; fileRef = E4FF718D2276010E00D4C412 /* PreferencesState.swift */; };
		E4FF7190227601B400D4C412 /* PreferencesReducer.swift in Sources */ = {isa = PBXBuildFile; fileRef = E4FF718F227601B400D4C412 /* PreferencesReducer.swift */; };
		E4FF71922276029000D4C412 /* PreferencesActions.swift in Sources */ = {isa = PBXBuildFile; fileRef = E4FF71912276029000D4C412 /* PreferencesActions.swift */; };
		E4FF71942276043A00D4C412 /* MPDServer.swift in Sources */ = {isa = PBXBuildFile; fileRef = E4FF71932276043A00D4C412 /* MPDServer.swift */; };
/* End PBXBuildFile section */

/* Begin PBXContainerItemProxy section */
		E407862B2110CE70006887B1 /* PBXContainerItemProxy */ = {
			isa = PBXContainerItemProxy;
			containerPortal = E40786102110CE6E006887B1 /* Project object */;
			proxyType = 1;
			remoteGlobalIDString = E40786172110CE6E006887B1;
			remoteInfo = Persephone;
		};
		E40786362110CE70006887B1 /* PBXContainerItemProxy */ = {
			isa = PBXContainerItemProxy;
			containerPortal = E40786102110CE6E006887B1 /* Project object */;
			proxyType = 1;
			remoteGlobalIDString = E40786172110CE6E006887B1;
			remoteInfo = Persephone;
		};
/* End PBXContainerItemProxy section */

/* Begin PBXCopyFilesBuildPhase section */
		E421AC9B221F7319008B2449 /* CopyFiles */ = {
			isa = PBXCopyFilesBuildPhase;
			buildActionMask = 2147483647;
			dstPath = "";
			dstSubfolderSpec = 16;
			files = (
			);
			runOnlyForDeploymentPostprocessing = 0;
		};
		E4B11BA52274E43B0075461B /* Embed Frameworks */ = {
			isa = PBXCopyFilesBuildPhase;
			buildActionMask = 2147483647;
			dstPath = "";
			dstSubfolderSpec = 10;
			files = (
				E4B11BA62274E44A0075461B /* libmpdclient.2.dylib in Embed Frameworks */,
			);
			name = "Embed Frameworks";
			runOnlyForDeploymentPostprocessing = 0;
		};
/* End PBXCopyFilesBuildPhase section */

/* Begin PBXFileReference section */
		E40786182110CE6E006887B1 /* Persephone.app */ = {isa = PBXFileReference; explicitFileType = wrapper.application; includeInIndex = 0; path = Persephone.app; sourceTree = BUILT_PRODUCTS_DIR; };
		E407861B2110CE6E006887B1 /* AppDelegate.swift */ = {isa = PBXFileReference; lastKnownFileType = sourcecode.swift; path = AppDelegate.swift; sourceTree = "<group>"; };
		E407861F2110CE70006887B1 /* Assets.xcassets */ = {isa = PBXFileReference; lastKnownFileType = folder.assetcatalog; path = Assets.xcassets; sourceTree = "<group>"; };
		E40786222110CE70006887B1 /* Base */ = {isa = PBXFileReference; lastKnownFileType = file.storyboard; name = Base; path = Base.lproj/Main.storyboard; sourceTree = "<group>"; };
		E40786242110CE70006887B1 /* Info.plist */ = {isa = PBXFileReference; lastKnownFileType = text.plist.xml; path = Info.plist; sourceTree = "<group>"; };
		E40786252110CE70006887B1 /* Persephone.entitlements */ = {isa = PBXFileReference; lastKnownFileType = text.plist.entitlements; path = Persephone.entitlements; sourceTree = "<group>"; };
		E407862A2110CE70006887B1 /* PersephoneTests.xctest */ = {isa = PBXFileReference; explicitFileType = wrapper.cfbundle; includeInIndex = 0; path = PersephoneTests.xctest; sourceTree = BUILT_PRODUCTS_DIR; };
		E407862E2110CE70006887B1 /* PersephoneTests.swift */ = {isa = PBXFileReference; lastKnownFileType = sourcecode.swift; path = PersephoneTests.swift; sourceTree = "<group>"; };
		E40786302110CE70006887B1 /* Info.plist */ = {isa = PBXFileReference; lastKnownFileType = text.plist.xml; path = Info.plist; sourceTree = "<group>"; };
		E40786352110CE70006887B1 /* PersephoneUITests.xctest */ = {isa = PBXFileReference; explicitFileType = wrapper.cfbundle; includeInIndex = 0; path = PersephoneUITests.xctest; sourceTree = BUILT_PRODUCTS_DIR; };
		E40786392110CE70006887B1 /* PersephoneUITests.swift */ = {isa = PBXFileReference; lastKnownFileType = sourcecode.swift; path = PersephoneUITests.swift; sourceTree = "<group>"; };
		E407863B2110CE70006887B1 /* Info.plist */ = {isa = PBXFileReference; lastKnownFileType = text.plist.xml; path = Info.plist; sourceTree = "<group>"; };
		E408D3B5220DD8970006D9BE /* Notification.swift */ = {isa = PBXFileReference; lastKnownFileType = sourcecode.swift; path = Notification.swift; sourceTree = "<group>"; };
		E408D3B8220DE98F0006D9BE /* NSUserInterfaceItemIdentifier.swift */ = {isa = PBXFileReference; lastKnownFileType = sourcecode.swift; path = NSUserInterfaceItemIdentifier.swift; sourceTree = "<group>"; };
		E408D3BD220E03EE0006D9BE /* RawRepresentable.swift */ = {isa = PBXFileReference; lastKnownFileType = sourcecode.swift; path = RawRepresentable.swift; sourceTree = "<group>"; };
		E408D3C1220E134F0006D9BE /* AlbumViewController.swift */ = {isa = PBXFileReference; lastKnownFileType = sourcecode.swift; path = AlbumViewController.swift; sourceTree = "<group>"; };
		E408D3C9220E341D0006D9BE /* AlbumViewItem.xib */ = {isa = PBXFileReference; lastKnownFileType = file.xib; path = AlbumViewItem.xib; sourceTree = "<group>"; };
		E40FE71A221B904300A4223F /* NSEvent.swift */ = {isa = PBXFileReference; lastKnownFileType = sourcecode.swift; path = NSEvent.swift; sourceTree = "<group>"; };
		E419E2862249B96600216A8C /* Song.swift */ = {isa = PBXFileReference; lastKnownFileType = sourcecode.swift; path = Song.swift; sourceTree = "<group>"; };
		E41B22BF21FB6BBA00D544F6 /* libmpdclient.2.dylib */ = {isa = PBXFileReference; lastKnownFileType = "compiled.mach-o.dylib"; name = libmpdclient.2.dylib; path = libmpdclient/output/libmpdclient.2.dylib; sourceTree = "<group>"; };
		E41B22C421FB715A00D544F6 /* module.modulemap */ = {isa = PBXFileReference; lastKnownFileType = "sourcecode.module-map"; path = module.modulemap; sourceTree = "<group>"; };
		E41B22C521FB932700D544F6 /* MPDClient.swift */ = {isa = PBXFileReference; lastKnownFileType = sourcecode.swift; path = MPDClient.swift; sourceTree = "<group>"; };
		E41B22C921FB966C00D544F6 /* connection.h */ = {isa = PBXFileReference; lastKnownFileType = sourcecode.c.h; path = connection.h; sourceTree = "<group>"; };
		E41B22CA21FB966C00D544F6 /* protocol.h */ = {isa = PBXFileReference; lastKnownFileType = sourcecode.c.h; path = protocol.h; sourceTree = "<group>"; };
		E41B22CB21FB966C00D544F6 /* error.h */ = {isa = PBXFileReference; lastKnownFileType = sourcecode.c.h; path = error.h; sourceTree = "<group>"; };
		E41B22CC21FB966C00D544F6 /* recv.h */ = {isa = PBXFileReference; lastKnownFileType = sourcecode.c.h; path = recv.h; sourceTree = "<group>"; };
		E41B22CD21FB966C00D544F6 /* client.h */ = {isa = PBXFileReference; lastKnownFileType = sourcecode.c.h; path = client.h; sourceTree = "<group>"; };
		E41B22CE21FB966C00D544F6 /* song.h */ = {isa = PBXFileReference; lastKnownFileType = sourcecode.c.h; path = song.h; sourceTree = "<group>"; };
		E41B22CF21FB966C00D544F6 /* response.h */ = {isa = PBXFileReference; lastKnownFileType = sourcecode.c.h; path = response.h; sourceTree = "<group>"; };
		E41B22D021FB966C00D544F6 /* status.h */ = {isa = PBXFileReference; lastKnownFileType = sourcecode.c.h; path = status.h; sourceTree = "<group>"; };
		E41B22D121FB966C00D544F6 /* tag.h */ = {isa = PBXFileReference; lastKnownFileType = sourcecode.c.h; path = tag.h; sourceTree = "<group>"; };
		E41B22D221FB966C00D544F6 /* compiler.h */ = {isa = PBXFileReference; lastKnownFileType = sourcecode.c.h; path = compiler.h; sourceTree = "<group>"; };
		E41B22D321FB966C00D544F6 /* settings.h */ = {isa = PBXFileReference; lastKnownFileType = sourcecode.c.h; path = settings.h; sourceTree = "<group>"; };
		E41B22D421FB966C00D544F6 /* version.h.in */ = {isa = PBXFileReference; lastKnownFileType = text; path = version.h.in; sourceTree = "<group>"; };
		E41B22D521FB966C00D544F6 /* parser.h */ = {isa = PBXFileReference; lastKnownFileType = sourcecode.c.h; path = parser.h; sourceTree = "<group>"; };
		E41B22D621FB966C00D544F6 /* idle.h */ = {isa = PBXFileReference; lastKnownFileType = sourcecode.c.h; path = idle.h; sourceTree = "<group>"; };
		E41B22D721FB966C00D544F6 /* message.h */ = {isa = PBXFileReference; lastKnownFileType = sourcecode.c.h; path = message.h; sourceTree = "<group>"; };
		E41B22D821FB966C00D544F6 /* player.h */ = {isa = PBXFileReference; lastKnownFileType = sourcecode.c.h; path = player.h; sourceTree = "<group>"; };
		E41B22D921FB966C00D544F6 /* output.h */ = {isa = PBXFileReference; lastKnownFileType = sourcecode.c.h; path = output.h; sourceTree = "<group>"; };
		E41B22DA21FB966C00D544F6 /* mixer.h */ = {isa = PBXFileReference; lastKnownFileType = sourcecode.c.h; path = mixer.h; sourceTree = "<group>"; };
		E41B22DB21FB966C00D544F6 /* list.h */ = {isa = PBXFileReference; lastKnownFileType = sourcecode.c.h; path = list.h; sourceTree = "<group>"; };
		E41B22DC21FB966C00D544F6 /* async.h */ = {isa = PBXFileReference; lastKnownFileType = sourcecode.c.h; path = async.h; sourceTree = "<group>"; };
		E41B22DD21FB966C00D544F6 /* directory.h */ = {isa = PBXFileReference; lastKnownFileType = sourcecode.c.h; path = directory.h; sourceTree = "<group>"; };
		E41B22DE21FB966C00D544F6 /* database.h */ = {isa = PBXFileReference; lastKnownFileType = sourcecode.c.h; path = database.h; sourceTree = "<group>"; };
		E41B22DF21FB966C00D544F6 /* entity.h */ = {isa = PBXFileReference; lastKnownFileType = sourcecode.c.h; path = entity.h; sourceTree = "<group>"; };
		E41B22E021FB966C00D544F6 /* pair.h */ = {isa = PBXFileReference; lastKnownFileType = sourcecode.c.h; path = pair.h; sourceTree = "<group>"; };
		E41B22E121FB966C00D544F6 /* send.h */ = {isa = PBXFileReference; lastKnownFileType = sourcecode.c.h; path = send.h; sourceTree = "<group>"; };
		E41B22E221FB966C00D544F6 /* password.h */ = {isa = PBXFileReference; lastKnownFileType = sourcecode.c.h; path = password.h; sourceTree = "<group>"; };
		E41B22E321FB966C00D544F6 /* audio_format.h */ = {isa = PBXFileReference; lastKnownFileType = sourcecode.c.h; path = audio_format.h; sourceTree = "<group>"; };
		E41B22E421FB966C00D544F6 /* mount.h */ = {isa = PBXFileReference; lastKnownFileType = sourcecode.c.h; path = mount.h; sourceTree = "<group>"; };
		E41B22E521FB966C00D544F6 /* sticker.h */ = {isa = PBXFileReference; lastKnownFileType = sourcecode.c.h; path = sticker.h; sourceTree = "<group>"; };
		E41B22E621FB966C00D544F6 /* search.h */ = {isa = PBXFileReference; lastKnownFileType = sourcecode.c.h; path = search.h; sourceTree = "<group>"; };
		E41B22E721FB966C00D544F6 /* socket.h */ = {isa = PBXFileReference; lastKnownFileType = sourcecode.c.h; path = socket.h; sourceTree = "<group>"; };
		E41B22E821FB966C00D544F6 /* stats.h */ = {isa = PBXFileReference; lastKnownFileType = sourcecode.c.h; path = stats.h; sourceTree = "<group>"; };
		E41B22E921FB966C00D544F6 /* capabilities.h */ = {isa = PBXFileReference; lastKnownFileType = sourcecode.c.h; path = capabilities.h; sourceTree = "<group>"; };
		E41B22EA21FB966C00D544F6 /* queue.h */ = {isa = PBXFileReference; lastKnownFileType = sourcecode.c.h; path = queue.h; sourceTree = "<group>"; };
		E41B22EB21FB966C00D544F6 /* playlist.h */ = {isa = PBXFileReference; lastKnownFileType = sourcecode.c.h; path = playlist.h; sourceTree = "<group>"; };
		E41E52FC223BF87300173814 /* MPDClient+Connection.swift */ = {isa = PBXFileReference; lastKnownFileType = sourcecode.swift; path = "MPDClient+Connection.swift"; sourceTree = "<group>"; };
		E41E52FE223BF95E00173814 /* MPDClient+Transport.swift */ = {isa = PBXFileReference; lastKnownFileType = sourcecode.swift; path = "MPDClient+Transport.swift"; sourceTree = "<group>"; };
		E41E5300223BF99300173814 /* MPDClient+Queue.swift */ = {isa = PBXFileReference; lastKnownFileType = sourcecode.swift; path = "MPDClient+Queue.swift"; sourceTree = "<group>"; };
		E41E5302223BF9C300173814 /* MPDClient+Idle.swift */ = {isa = PBXFileReference; lastKnownFileType = sourcecode.swift; path = "MPDClient+Idle.swift"; sourceTree = "<group>"; };
		E41E5304223BFB0700173814 /* MPDClient+Error.swift */ = {isa = PBXFileReference; lastKnownFileType = sourcecode.swift; path = "MPDClient+Error.swift"; sourceTree = "<group>"; };
		E41E5306223C019100173814 /* MPDClient+Status.swift */ = {isa = PBXFileReference; lastKnownFileType = sourcecode.swift; path = "MPDClient+Status.swift"; sourceTree = "<group>"; };
		E41E5308223C020400173814 /* MPDClient+Command.swift */ = {isa = PBXFileReference; lastKnownFileType = sourcecode.swift; path = "MPDClient+Command.swift"; sourceTree = "<group>"; };
		E41E530A223C033700173814 /* MPDClient+Album.swift */ = {isa = PBXFileReference; lastKnownFileType = sourcecode.swift; path = "MPDClient+Album.swift"; sourceTree = "<group>"; };
		E41EA46B221636AF0068EF46 /* GeneralPrefsViewController.swift */ = {isa = PBXFileReference; lastKnownFileType = sourcecode.swift; path = GeneralPrefsViewController.swift; sourceTree = "<group>"; };
		E423563F228623D2001216D6 /* QueueSongInfoView.swift */ = {isa = PBXFileReference; lastKnownFileType = sourcecode.swift; path = QueueSongInfoView.swift; sourceTree = "<group>"; };
		E42410B52241B956005ED6DF /* MPDClient+Database.swift */ = {isa = PBXFileReference; lastKnownFileType = sourcecode.swift; path = "MPDClient+Database.swift"; sourceTree = "<group>"; };
		E42A4D4E22E20D7D001C6CAD /* MPDTag.swift */ = {isa = PBXFileReference; lastKnownFileType = sourcecode.swift; path = MPDTag.swift; sourceTree = "<group>"; };
		E42A4D5022E2167E001C6CAD /* MPDClient+Songs.swift */ = {isa = PBXFileReference; lastKnownFileType = sourcecode.swift; path = "MPDClient+Songs.swift"; sourceTree = "<group>"; };
		E42A8F3922176D6400A13ED9 /* LICENSE.md */ = {isa = PBXFileReference; fileEncoding = 4; lastKnownFileType = net.daringfireball.markdown; path = LICENSE.md; sourceTree = "<group>"; };
		E42A8F3A22176D6400A13ED9 /* README.md */ = {isa = PBXFileReference; fileEncoding = 4; lastKnownFileType = net.daringfireball.markdown; path = README.md; sourceTree = "<group>"; };
		E435E3E1221CD4E200184CFC /* NSFont.swift */ = {isa = PBXFileReference; lastKnownFileType = sourcecode.swift; path = NSFont.swift; sourceTree = "<group>"; };
		E435E3E3221CD75D00184CFC /* NSImage.swift */ = {isa = PBXFileReference; lastKnownFileType = sourcecode.swift; path = NSImage.swift; sourceTree = "<group>"; };
		E439109722640213002982E9 /* SongNotifierService.swift */ = {isa = PBXFileReference; lastKnownFileType = sourcecode.swift; path = SongNotifierService.swift; sourceTree = "<group>"; };
		E43AC1F022C68E6A001E483C /* NSPasteboardItem.swift */ = {isa = PBXFileReference; lastKnownFileType = sourcecode.swift; path = NSPasteboardItem.swift; sourceTree = "<group>"; };
		E43AC1F222C6A439001E483C /* AlbumViewController+NSCollectionViewDelegate.swift */ = {isa = PBXFileReference; lastKnownFileType = sourcecode.swift; path = "AlbumViewController+NSCollectionViewDelegate.swift"; sourceTree = "<group>"; };
		E43AC1F422C6A4F4001E483C /* DraggedAlbum.swift */ = {isa = PBXFileReference; lastKnownFileType = sourcecode.swift; path = DraggedAlbum.swift; sourceTree = "<group>"; };
		E43AC1F722C7065A001E483C /* AlbumCoverButton.swift */ = {isa = PBXFileReference; lastKnownFileType = sourcecode.swift; path = AlbumCoverButton.swift; sourceTree = "<group>"; };
		E43B67A822909793007DCF55 /* AlbumDetailView.swift */ = {isa = PBXFileReference; lastKnownFileType = sourcecode.swift; path = AlbumDetailView.swift; sourceTree = "<group>"; };
		E43B67A922909793007DCF55 /* AlbumDetailView.xib */ = {isa = PBXFileReference; lastKnownFileType = file.xib; path = AlbumDetailView.xib; sourceTree = "<group>"; };
		E43B67AC229194CD007DCF55 /* AlbumTracksDataSource.swift */ = {isa = PBXFileReference; lastKnownFileType = sourcecode.swift; path = AlbumTracksDataSource.swift; sourceTree = "<group>"; };
		E4405191227644340090CD6F /* MPDServerController.swift */ = {isa = PBXFileReference; lastKnownFileType = sourcecode.swift; path = MPDServerController.swift; sourceTree = "<group>"; };
		E44051932278765A0090CD6F /* App.swift */ = {isa = PBXFileReference; lastKnownFileType = sourcecode.swift; path = App.swift; sourceTree = "<group>"; };
		E440519B227BAF2E0090CD6F /* UIActions.swift */ = {isa = PBXFileReference; lastKnownFileType = sourcecode.swift; path = UIActions.swift; sourceTree = "<group>"; };
		E440519D227BB0720090CD6F /* UIReducer.swift */ = {isa = PBXFileReference; lastKnownFileType = sourcecode.swift; path = UIReducer.swift; sourceTree = "<group>"; };
		E440519F227BB0AB0090CD6F /* UIState.swift */ = {isa = PBXFileReference; lastKnownFileType = sourcecode.swift; path = UIState.swift; sourceTree = "<group>"; };
		E442CCCC2347E73C00004E0C /* Artist.swift */ = {isa = PBXFileReference; lastKnownFileType = sourcecode.swift; path = Artist.swift; sourceTree = "<group>"; };
		E450AD7D222620A10091BED3 /* Album.swift */ = {isa = PBXFileReference; lastKnownFileType = sourcecode.swift; path = Album.swift; sourceTree = "<group>"; };
		E450AD9422262DF10091BED3 /* CoverArtQueue.swift */ = {isa = PBXFileReference; lastKnownFileType = sourcecode.swift; path = CoverArtQueue.swift; sourceTree = "<group>"; };
		E450AD9E2229B9BC0091BED3 /* PersephoneBridgingHeader.h */ = {isa = PBXFileReference; lastKnownFileType = sourcecode.c.h; path = PersephoneBridgingHeader.h; sourceTree = "<group>"; };
		E451E36A22BD214D008BE9B2 /* DraggedSongType.swift */ = {isa = PBXFileReference; lastKnownFileType = sourcecode.swift; path = DraggedSongType.swift; sourceTree = "<group>"; };
		E451E36C22BD23DB008BE9B2 /* DraggedSong.swift */ = {isa = PBXFileReference; lastKnownFileType = sourcecode.swift; path = DraggedSong.swift; sourceTree = "<group>"; };
		E45878372296173C00586A1C /* AlbumDetailSongRowView.swift */ = {isa = PBXFileReference; lastKnownFileType = sourcecode.swift; path = AlbumDetailSongRowView.swift; sourceTree = "<group>"; };
		E45962C52241A78500FC1A1E /* MPDCommand.swift */ = {isa = PBXFileReference; lastKnownFileType = sourcecode.swift; path = MPDCommand.swift; sourceTree = "<group>"; };
		E45E4FD722515D87004B537F /* CHANGELOG.md */ = {isa = PBXFileReference; fileEncoding = 4; lastKnownFileType = net.daringfireball.markdown; path = CHANGELOG.md; sourceTree = SOURCE_ROOT; };
		E45E4FD822515D87004B537F /* Brewfile */ = {isa = PBXFileReference; fileEncoding = 4; lastKnownFileType = text; path = Brewfile; sourceTree = SOURCE_ROOT; };
		E465049921E94DF500A70F4C /* WindowController.swift */ = {isa = PBXFileReference; lastKnownFileType = sourcecode.swift; path = WindowController.swift; sourceTree = "<group>"; };
		E47E2FD022205C4600F747E6 /* MainSplitViewController.swift */ = {isa = PBXFileReference; lastKnownFileType = sourcecode.swift; path = MainSplitViewController.swift; sourceTree = "<group>"; };
		E47E2FD222205D2500F747E6 /* MainWindow.swift */ = {isa = PBXFileReference; lastKnownFileType = sourcecode.swift; path = MainWindow.swift; sourceTree = "<group>"; };
		E47E2FD4222071FD00F747E6 /* AlbumViewItem.swift */ = {isa = PBXFileReference; fileEncoding = 4; lastKnownFileType = sourcecode.swift; path = AlbumViewItem.swift; sourceTree = "<group>"; };
		E47E2FDC2220A6D100F747E6 /* Time.swift */ = {isa = PBXFileReference; fileEncoding = 4; lastKnownFileType = sourcecode.swift; path = Time.swift; sourceTree = "<group>"; };
		E47E2FE42220AA0700F747E6 /* FlexibleGridViewLayout.swift */ = {isa = PBXFileReference; fileEncoding = 4; lastKnownFileType = sourcecode.swift; path = FlexibleGridViewLayout.swift; sourceTree = "<group>"; };
		E489E39822B85D0400CA8CBD /* NSPasteboard.swift */ = {isa = PBXFileReference; lastKnownFileType = sourcecode.swift; path = NSPasteboard.swift; sourceTree = "<group>"; };
		E489E39C22B9CF0000CA8CBD /* NSView.swift */ = {isa = PBXFileReference; lastKnownFileType = sourcecode.swift; path = NSView.swift; sourceTree = "<group>"; };
		E489E3A222B9D31800CA8CBD /* DraggedSongView.swift */ = {isa = PBXFileReference; lastKnownFileType = sourcecode.swift; path = DraggedSongView.swift; sourceTree = "<group>"; };
		E489E3A322B9D31800CA8CBD /* DraggedSongView.xib */ = {isa = PBXFileReference; lastKnownFileType = file.xib; path = DraggedSongView.xib; sourceTree = "<group>"; };
		E4928E0A2218D62A001D4BEA /* CGColor.swift */ = {isa = PBXFileReference; fileEncoding = 4; lastKnownFileType = sourcecode.swift; path = CGColor.swift; sourceTree = "<group>"; };
		E4A3A6A022A457B600EA2C40 /* AlbumDetailSongListView.swift */ = {isa = PBXFileReference; lastKnownFileType = sourcecode.swift; path = AlbumDetailSongListView.swift; sourceTree = "<group>"; };
		E4A642D922090CBE00067D21 /* MPDStatus.swift */ = {isa = PBXFileReference; lastKnownFileType = sourcecode.swift; path = MPDStatus.swift; sourceTree = "<group>"; };
		E4A83BEE2221F8CF0098FED6 /* CoverArtPrefsController.swift */ = {isa = PBXFileReference; lastKnownFileType = sourcecode.swift; path = CoverArtPrefsController.swift; sourceTree = "<group>"; };
		E4A83BF02221FAA00098FED6 /* PreferencesViewController.swift */ = {isa = PBXFileReference; lastKnownFileType = sourcecode.swift; path = PreferencesViewController.swift; sourceTree = "<group>"; };
		E4B11B52226928F20075461B /* AppState.swift */ = {isa = PBXFileReference; lastKnownFileType = sourcecode.swift; path = AppState.swift; sourceTree = "<group>"; };
		E4B11B60226A4BFF0075461B /* PlayerReducer.swift */ = {isa = PBXFileReference; lastKnownFileType = sourcecode.swift; path = PlayerReducer.swift; sourceTree = "<group>"; };
		E4B11B62226A4C510075461B /* AppReducer.swift */ = {isa = PBXFileReference; lastKnownFileType = sourcecode.swift; path = AppReducer.swift; sourceTree = "<group>"; };
		E4B11B65226A4F830075461B /* PlayerState.swift */ = {isa = PBXFileReference; lastKnownFileType = sourcecode.swift; path = PlayerState.swift; sourceTree = "<group>"; };
		E4B11B67226A4FA00075461B /* QueueState.swift */ = {isa = PBXFileReference; lastKnownFileType = sourcecode.swift; path = QueueState.swift; sourceTree = "<group>"; };
		E4B11B69226A4FBC0075461B /* AlbumListState.swift */ = {isa = PBXFileReference; lastKnownFileType = sourcecode.swift; path = AlbumListState.swift; sourceTree = "<group>"; };
		E4B11B72226A6C770075461B /* TrackTimer.swift */ = {isa = PBXFileReference; lastKnownFileType = sourcecode.swift; path = TrackTimer.swift; sourceTree = "<group>"; };
		E4B11B74226CC4D30075461B /* QueueReducer.swift */ = {isa = PBXFileReference; lastKnownFileType = sourcecode.swift; path = QueueReducer.swift; sourceTree = "<group>"; };
		E4B11B78226D346B0075461B /* AlbumListReducer.swift */ = {isa = PBXFileReference; lastKnownFileType = sourcecode.swift; path = AlbumListReducer.swift; sourceTree = "<group>"; };
		E4B11BA82274EDE30075461B /* Loading.swift */ = {isa = PBXFileReference; lastKnownFileType = sourcecode.swift; path = Loading.swift; sourceTree = "<group>"; };
		E4B11BB52275374B0075461B /* UserNotificationsController.swift */ = {isa = PBXFileReference; lastKnownFileType = sourcecode.swift; path = UserNotificationsController.swift; sourceTree = "<group>"; };
		E4B11BB7227538FA0075461B /* CurrentCoverArtView.swift */ = {isa = PBXFileReference; lastKnownFileType = sourcecode.swift; path = CurrentCoverArtView.swift; sourceTree = "<group>"; };
		E4B11BBD2275EDAA0075461B /* PlayerActions.swift */ = {isa = PBXFileReference; lastKnownFileType = sourcecode.swift; path = PlayerActions.swift; sourceTree = "<group>"; };
		E4B11BBF2275EE150075461B /* QueueActions.swift */ = {isa = PBXFileReference; lastKnownFileType = sourcecode.swift; path = QueueActions.swift; sourceTree = "<group>"; };
		E4B11BC12275EE410075461B /* AlbumListActions.swift */ = {isa = PBXFileReference; lastKnownFileType = sourcecode.swift; path = AlbumListActions.swift; sourceTree = "<group>"; };
		E4B3DF6423D66A4400728F6B /* QueueSongCoverView.swift */ = {isa = PBXFileReference; lastKnownFileType = sourcecode.swift; path = QueueSongCoverView.swift; sourceTree = "<group>"; };
		E4B5AE7D22F4C49600CCEC65 /* MPDServerDelegate.swift */ = {isa = PBXFileReference; lastKnownFileType = sourcecode.swift; path = MPDServerDelegate.swift; sourceTree = "<group>"; };
		E4BBD2F223357C0700702C16 /* ArtistListState.swift */ = {isa = PBXFileReference; lastKnownFileType = sourcecode.swift; path = ArtistListState.swift; sourceTree = "<group>"; };
		E4C8B53B22342005009A20F3 /* PreferencesWindowController.swift */ = {isa = PBXFileReference; lastKnownFileType = sourcecode.swift; path = PreferencesWindowController.swift; sourceTree = "<group>"; };
		E4C8B53D22349002009A20F3 /* MPDIdle.swift */ = {isa = PBXFileReference; lastKnownFileType = sourcecode.swift; path = MPDIdle.swift; sourceTree = "<group>"; };
		E4D3BFA522B419C000C56F48 /* QueueViewController+NSOutlineViewDelegate.swift */ = {isa = PBXFileReference; lastKnownFileType = sourcecode.swift; path = "QueueViewController+NSOutlineViewDelegate.swift"; sourceTree = "<group>"; };
		E4DA820523D6236200C1EE58 /* NSSize.swift */ = {isa = PBXFileReference; lastKnownFileType = sourcecode.swift; path = NSSize.swift; sourceTree = "<group>"; };
		E4E7A6AC22AAAF98006D566C /* AlbumDetailView+NSTableViewDelegate.swift */ = {isa = PBXFileReference; lastKnownFileType = sourcecode.swift; path = "AlbumDetailView+NSTableViewDelegate.swift"; sourceTree = "<group>"; };
		E4E8CC8F2204EC7F0024217A /* Delegate.swift */ = {isa = PBXFileReference; lastKnownFileType = sourcecode.swift; path = Delegate.swift; sourceTree = "<group>"; };
		E4E8CC912204F4B80024217A /* QueueViewController.swift */ = {isa = PBXFileReference; lastKnownFileType = sourcecode.swift; path = QueueViewController.swift; sourceTree = "<group>"; };
		E4E8CC9922075D370024217A /* MPDSong.swift */ = {isa = PBXFileReference; lastKnownFileType = sourcecode.swift; path = MPDSong.swift; sourceTree = "<group>"; };
		E4EB2378220F10B8008C70C0 /* MPDPair.swift */ = {isa = PBXFileReference; lastKnownFileType = sourcecode.swift; path = MPDPair.swift; sourceTree = "<group>"; };
		E4EB237A220F7CF1008C70C0 /* MPDAlbum.swift */ = {isa = PBXFileReference; lastKnownFileType = sourcecode.swift; path = MPDAlbum.swift; sourceTree = "<group>"; };
		E4F26F7623411AE300D45FF9 /* ArtistListActions.swift */ = {isa = PBXFileReference; lastKnownFileType = sourcecode.swift; path = ArtistListActions.swift; sourceTree = "<group>"; };
		E4F26F7823411B1500D45FF9 /* ArtistReducer.swift */ = {isa = PBXFileReference; lastKnownFileType = sourcecode.swift; path = ArtistReducer.swift; sourceTree = "<group>"; };
		E4F26F7A23411D5400D45FF9 /* MPDClient+Artist.swift */ = {isa = PBXFileReference; lastKnownFileType = sourcecode.swift; path = "MPDClient+Artist.swift"; sourceTree = "<group>"; };
		E4F6B45F221E119B00ACF42A /* QueueDataSource.swift */ = {isa = PBXFileReference; lastKnownFileType = sourcecode.swift; path = QueueDataSource.swift; sourceTree = "<group>"; };
		E4F6B462221E125900ACF42A /* QueueItem.swift */ = {isa = PBXFileReference; lastKnownFileType = sourcecode.swift; path = QueueItem.swift; sourceTree = "<group>"; };
		E4F6B466221E233200ACF42A /* AlbumDataSource.swift */ = {isa = PBXFileReference; lastKnownFileType = sourcecode.swift; path = AlbumDataSource.swift; sourceTree = "<group>"; };
		E4FF718D2276010E00D4C412 /* PreferencesState.swift */ = {isa = PBXFileReference; lastKnownFileType = sourcecode.swift; path = PreferencesState.swift; sourceTree = "<group>"; };
		E4FF718F227601B400D4C412 /* PreferencesReducer.swift */ = {isa = PBXFileReference; lastKnownFileType = sourcecode.swift; path = PreferencesReducer.swift; sourceTree = "<group>"; };
		E4FF71912276029000D4C412 /* PreferencesActions.swift */ = {isa = PBXFileReference; lastKnownFileType = sourcecode.swift; path = PreferencesActions.swift; sourceTree = "<group>"; };
		E4FF71932276043A00D4C412 /* MPDServer.swift */ = {isa = PBXFileReference; lastKnownFileType = sourcecode.swift; path = MPDServer.swift; sourceTree = "<group>"; };
/* End PBXFileReference section */

/* Begin PBXFrameworksBuildPhase section */
		E40786152110CE6E006887B1 /* Frameworks */ = {
			isa = PBXFrameworksBuildPhase;
			buildActionMask = 2147483647;
			files = (
				E4B11BA72274E4500075461B /* libmpdclient.2.dylib in Frameworks */,
				E49A5485233E5ADC00EED353 /* Differ in Frameworks */,
				E4677C48233E60E70041474F /* MediaKeyTap in Frameworks */,
				E43BECA0238835DC00CAF1EB /* Kingfisher in Frameworks */,
				E49A548E233E5B6000EED353 /* SwiftyJSON in Frameworks */,
				E4E96D13233E630800AFD36F /* PMKFoundation in Frameworks */,
				E49A5482233E580800EED353 /* PromiseKit in Frameworks */,
				E49A548B233E5B2D00EED353 /* CryptoSwift in Frameworks */,
				E49A5488233E5B0000EED353 /* ReSwift in Frameworks */,
			);
			runOnlyForDeploymentPostprocessing = 0;
		};
		E40786272110CE70006887B1 /* Frameworks */ = {
			isa = PBXFrameworksBuildPhase;
			buildActionMask = 2147483647;
			files = (
			);
			runOnlyForDeploymentPostprocessing = 0;
		};
		E40786322110CE70006887B1 /* Frameworks */ = {
			isa = PBXFrameworksBuildPhase;
			buildActionMask = 2147483647;
			files = (
			);
			runOnlyForDeploymentPostprocessing = 0;
		};
/* End PBXFrameworksBuildPhase section */

/* Begin PBXGroup section */
		E407860F2110CE6E006887B1 = {
			isa = PBXGroup;
			children = (
				E41B22BE21FB6B3300D544F6 /* Frameworks */,
				E407861A2110CE6E006887B1 /* Persephone */,
				E407862D2110CE70006887B1 /* PersephoneTests */,
				E40786382110CE70006887B1 /* PersephoneUITests */,
				E40786192110CE6E006887B1 /* Products */,
				E45E4FD822515D87004B537F /* Brewfile */,
				E45E4FD722515D87004B537F /* CHANGELOG.md */,
				E42A8F3922176D6400A13ED9 /* LICENSE.md */,
				E42A8F3A22176D6400A13ED9 /* README.md */,
			);
			sourceTree = "<group>";
		};
		E40786192110CE6E006887B1 /* Products */ = {
			isa = PBXGroup;
			children = (
				E40786182110CE6E006887B1 /* Persephone.app */,
				E407862A2110CE70006887B1 /* PersephoneTests.xctest */,
				E40786352110CE70006887B1 /* PersephoneUITests.xctest */,
			);
			name = Products;
			sourceTree = "<group>";
		};
		E407861A2110CE6E006887B1 /* Persephone */ = {
			isa = PBXGroup;
			children = (
				E44051932278765A0090CD6F /* App.swift */,
				E407861B2110CE6E006887B1 /* AppDelegate.swift */,
				E407861F2110CE70006887B1 /* Assets.xcassets */,
				E442CCC42347D5B900004E0C /* Components */,
				E41B22C721FB966C00D544F6 /* include */,
				E40786242110CE70006887B1 /* Info.plist */,
				E4F6B461221E124700ACF42A /* Models */,
				E4A642DB220912FA00067D21 /* MPDClient */,
				E450AD8922262B420091BED3 /* Operations */,
				E40786252110CE70006887B1 /* Persephone.entitlements */,
				E450AD9E2229B9BC0091BED3 /* PersephoneBridgingHeader.h */,
				E4A83BF2222207BE0098FED6 /* Services */,
				E4B11B64226A4F460075461B /* State */,
			);
			path = Persephone;
			sourceTree = "<group>";
		};
		E407862D2110CE70006887B1 /* PersephoneTests */ = {
			isa = PBXGroup;
			children = (
				E407862E2110CE70006887B1 /* PersephoneTests.swift */,
				E40786302110CE70006887B1 /* Info.plist */,
			);
			path = PersephoneTests;
			sourceTree = "<group>";
		};
		E40786382110CE70006887B1 /* PersephoneUITests */ = {
			isa = PBXGroup;
			children = (
				E40786392110CE70006887B1 /* PersephoneUITests.swift */,
				E407863B2110CE70006887B1 /* Info.plist */,
			);
			path = PersephoneUITests;
			sourceTree = "<group>";
		};
		E408D3B7220DE8CC0006D9BE /* Extensions */ = {
			isa = PBXGroup;
			children = (
				E4928E0A2218D62A001D4BEA /* CGColor.swift */,
				E408D3B5220DD8970006D9BE /* Notification.swift */,
				E40FE71A221B904300A4223F /* NSEvent.swift */,
				E435E3E1221CD4E200184CFC /* NSFont.swift */,
				E435E3E3221CD75D00184CFC /* NSImage.swift */,
				E408D3B8220DE98F0006D9BE /* NSUserInterfaceItemIdentifier.swift */,
				E489E39822B85D0400CA8CBD /* NSPasteboard.swift */,
				E489E39C22B9CF0000CA8CBD /* NSView.swift */,
				E43AC1F022C68E6A001E483C /* NSPasteboardItem.swift */,
				E4DA820523D6236200C1EE58 /* NSSize.swift */,
			);
			path = Extensions;
			sourceTree = "<group>";
		};
		E408D3BC220E03D20006D9BE /* Extensions */ = {
			isa = PBXGroup;
			children = (
				E41E530A223C033700173814 /* MPDClient+Album.swift */,
				E4F26F7A23411D5400D45FF9 /* MPDClient+Artist.swift */,
				E41E5308223C020400173814 /* MPDClient+Command.swift */,
				E41E52FC223BF87300173814 /* MPDClient+Connection.swift */,
				E42410B52241B956005ED6DF /* MPDClient+Database.swift */,
				E41E5304223BFB0700173814 /* MPDClient+Error.swift */,
				E41E5302223BF9C300173814 /* MPDClient+Idle.swift */,
				E41E5300223BF99300173814 /* MPDClient+Queue.swift */,
				E42A4D5022E2167E001C6CAD /* MPDClient+Songs.swift */,
				E408D3BD220E03EE0006D9BE /* RawRepresentable.swift */,
				E41E5306223C019100173814 /* MPDClient+Status.swift */,
				E41E52FE223BF95E00173814 /* MPDClient+Transport.swift */,
			);
			path = Extensions;
			sourceTree = "<group>";
		};
		E41B22BE21FB6B3300D544F6 /* Frameworks */ = {
			isa = PBXGroup;
			children = (
				E41B22BF21FB6BBA00D544F6 /* libmpdclient.2.dylib */,
			);
			name = Frameworks;
			sourceTree = "<group>";
		};
		E41B22C721FB966C00D544F6 /* include */ = {
			isa = PBXGroup;
			children = (
				E41B22C421FB715A00D544F6 /* module.modulemap */,
				E41B22C821FB966C00D544F6 /* mpd */,
			);
			path = include;
			sourceTree = "<group>";
		};
		E41B22C821FB966C00D544F6 /* mpd */ = {
			isa = PBXGroup;
			children = (
				E41B22DC21FB966C00D544F6 /* async.h */,
				E41B22E321FB966C00D544F6 /* audio_format.h */,
				E41B22E921FB966C00D544F6 /* capabilities.h */,
				E41B22CD21FB966C00D544F6 /* client.h */,
				E41B22D221FB966C00D544F6 /* compiler.h */,
				E41B22C921FB966C00D544F6 /* connection.h */,
				E41B22DE21FB966C00D544F6 /* database.h */,
				E41B22DD21FB966C00D544F6 /* directory.h */,
				E41B22DF21FB966C00D544F6 /* entity.h */,
				E41B22CB21FB966C00D544F6 /* error.h */,
				E41B22D621FB966C00D544F6 /* idle.h */,
				E41B22DB21FB966C00D544F6 /* list.h */,
				E41B22D721FB966C00D544F6 /* message.h */,
				E41B22DA21FB966C00D544F6 /* mixer.h */,
				E41B22E421FB966C00D544F6 /* mount.h */,
				E41B22D921FB966C00D544F6 /* output.h */,
				E41B22E021FB966C00D544F6 /* pair.h */,
				E41B22D521FB966C00D544F6 /* parser.h */,
				E41B22E221FB966C00D544F6 /* password.h */,
				E41B22D821FB966C00D544F6 /* player.h */,
				E41B22EB21FB966C00D544F6 /* playlist.h */,
				E41B22CA21FB966C00D544F6 /* protocol.h */,
				E41B22EA21FB966C00D544F6 /* queue.h */,
				E41B22CC21FB966C00D544F6 /* recv.h */,
				E41B22CF21FB966C00D544F6 /* response.h */,
				E41B22E621FB966C00D544F6 /* search.h */,
				E41B22E121FB966C00D544F6 /* send.h */,
				E41B22D321FB966C00D544F6 /* settings.h */,
				E41B22E721FB966C00D544F6 /* socket.h */,
				E41B22CE21FB966C00D544F6 /* song.h */,
				E41B22E821FB966C00D544F6 /* stats.h */,
				E41B22D021FB966C00D544F6 /* status.h */,
				E41B22E521FB966C00D544F6 /* sticker.h */,
				E41B22D121FB966C00D544F6 /* tag.h */,
				E41B22D421FB966C00D544F6 /* version.h.in */,
			);
			path = mpd;
			sourceTree = "<group>";
		};
		E442CCC42347D5B900004E0C /* Components */ = {
			isa = PBXGroup;
			children = (
				E442CCCB2347D77A00004E0C /* Browser */,
				E4A83BEC2221F5DD0098FED6 /* Preferences */,
				E442CCC62347D5E700004E0C /* Queue */,
				E442CCC92347D6FD00004E0C /* Shared */,
				E442CCC52347D5CA00004E0C /* Window */,
			);
			path = Components;
			sourceTree = "<group>";
		};
		E442CCC52347D5CA00004E0C /* Window */ = {
			isa = PBXGroup;
			children = (
				E40786212110CE70006887B1 /* Main.storyboard */,
				E47E2FD022205C4600F747E6 /* MainSplitViewController.swift */,
				E47E2FD222205D2500F747E6 /* MainWindow.swift */,
				E465049921E94DF500A70F4C /* WindowController.swift */,
			);
			path = Window;
			sourceTree = "<group>";
		};
		E442CCC62347D5E700004E0C /* Queue */ = {
			isa = PBXGroup;
			children = (
				E4B11BB7227538FA0075461B /* CurrentCoverArtView.swift */,
				E4F6B45F221E119B00ACF42A /* QueueDataSource.swift */,
				E4B3DF6423D66A4400728F6B /* QueueSongCoverView.swift */,
				E423563F228623D2001216D6 /* QueueSongInfoView.swift */,
				E4E8CC912204F4B80024217A /* QueueViewController.swift */,
				E4D3BFA522B419C000C56F48 /* QueueViewController+NSOutlineViewDelegate.swift */,
			);
			path = Queue;
			sourceTree = "<group>";
		};
		E442CCC72347D62F00004E0C /* Album Browser */ = {
			isa = PBXGroup;
			children = (
				E408D3C9220E341D0006D9BE /* AlbumViewItem.xib */,
				E43AC1F722C7065A001E483C /* AlbumCoverButton.swift */,
				E4F6B466221E233200ACF42A /* AlbumDataSource.swift */,
				E408D3C1220E134F0006D9BE /* AlbumViewController.swift */,
				E43AC1F222C6A439001E483C /* AlbumViewController+NSCollectionViewDelegate.swift */,
				E47E2FD4222071FD00F747E6 /* AlbumViewItem.swift */,
			);
			path = "Album Browser";
			sourceTree = "<group>";
		};
		E442CCC82347D65300004E0C /* Album Detail */ = {
			isa = PBXGroup;
			children = (
				E43B67A922909793007DCF55 /* AlbumDetailView.xib */,
				E4A3A6A022A457B600EA2C40 /* AlbumDetailSongListView.swift */,
				E45878372296173C00586A1C /* AlbumDetailSongRowView.swift */,
				E43B67A822909793007DCF55 /* AlbumDetailView.swift */,
				E4E7A6AC22AAAF98006D566C /* AlbumDetailView+NSTableViewDelegate.swift */,
				E43B67AC229194CD007DCF55 /* AlbumTracksDataSource.swift */,
			);
			path = "Album Detail";
			sourceTree = "<group>";
		};
		E442CCC92347D6FD00004E0C /* Shared */ = {
			isa = PBXGroup;
			children = (
				E4E13C2C2350D8CB00092A6E /* Layouts */,
				E408D3B7220DE8CC0006D9BE /* Extensions */,
				E489E3A222B9D31800CA8CBD /* DraggedSongView.swift */,
				E489E3A322B9D31800CA8CBD /* DraggedSongView.xib */,
				E4405191227644340090CD6F /* MPDServerController.swift */,
				E4B5AE7D22F4C49600CCEC65 /* MPDServerDelegate.swift */,
				E4B11BB52275374B0075461B /* UserNotificationsController.swift */,
			);
			path = Shared;
			sourceTree = "<group>";
		};
		E442CCCB2347D77A00004E0C /* Browser */ = {
			isa = PBXGroup;
			children = (
				E442CCC82347D65300004E0C /* Album Detail */,
				E442CCC72347D62F00004E0C /* Album Browser */,
			);
			path = Browser;
			sourceTree = "<group>";
		};
		E450AD8922262B420091BED3 /* Operations */ = {
			isa = PBXGroup;
			children = (
				E450AD9422262DF10091BED3 /* CoverArtQueue.swift */,
			);
			path = Operations;
			sourceTree = "<group>";
		};
		E4A642DB220912FA00067D21 /* MPDClient */ = {
			isa = PBXGroup;
			children = (
				E408D3BC220E03D20006D9BE /* Extensions */,
				E4D1B594220BA2490026F233 /* Models */,
				E41B22C521FB932700D544F6 /* MPDClient.swift */,
				E4D1B595220BA27C0026F233 /* Protocols */,
			);
			path = MPDClient;
			sourceTree = "<group>";
		};
		E4A83BEC2221F5DD0098FED6 /* Preferences */ = {
			isa = PBXGroup;
			children = (
				E4A83BEE2221F8CF0098FED6 /* CoverArtPrefsController.swift */,
				E41EA46B221636AF0068EF46 /* GeneralPrefsViewController.swift */,
				E4A83BF02221FAA00098FED6 /* PreferencesViewController.swift */,
				E4C8B53B22342005009A20F3 /* PreferencesWindowController.swift */,
			);
			path = Preferences;
			sourceTree = "<group>";
		};
		E4A83BF2222207BE0098FED6 /* Services */ = {
			isa = PBXGroup;
			children = (
				E439109722640213002982E9 /* SongNotifierService.swift */,
			);
			path = Services;
			sourceTree = "<group>";
		};
		E4B11B5F226A4BED0075461B /* Reducers */ = {
			isa = PBXGroup;
			children = (
				E4B11B78226D346B0075461B /* AlbumListReducer.swift */,
				E4B11B62226A4C510075461B /* AppReducer.swift */,
				E4F26F7823411B1500D45FF9 /* ArtistReducer.swift */,
				E4B11B60226A4BFF0075461B /* PlayerReducer.swift */,
				E4FF718F227601B400D4C412 /* PreferencesReducer.swift */,
				E4B11B74226CC4D30075461B /* QueueReducer.swift */,
				E440519D227BB0720090CD6F /* UIReducer.swift */,
			);
			path = Reducers;
			sourceTree = "<group>";
		};
		E4B11B64226A4F460075461B /* State */ = {
			isa = PBXGroup;
			children = (
				E4B11B6B226A5AF50075461B /* Actions */,
				E4B11B5F226A4BED0075461B /* Reducers */,
				E4B11B69226A4FBC0075461B /* AlbumListState.swift */,
				E4B11B52226928F20075461B /* AppState.swift */,
				E4BBD2F223357C0700702C16 /* ArtistListState.swift */,
				E4B11B65226A4F830075461B /* PlayerState.swift */,
				E4FF718D2276010E00D4C412 /* PreferencesState.swift */,
				E4B11B67226A4FA00075461B /* QueueState.swift */,
				E440519F227BB0AB0090CD6F /* UIState.swift */,
			);
			path = State;
			sourceTree = "<group>";
		};
		E4B11B6B226A5AF50075461B /* Actions */ = {
			isa = PBXGroup;
			children = (
				E4B11BC12275EE410075461B /* AlbumListActions.swift */,
				E4F26F7623411AE300D45FF9 /* ArtistListActions.swift */,
				E4B11BBD2275EDAA0075461B /* PlayerActions.swift */,
				E4FF71912276029000D4C412 /* PreferencesActions.swift */,
				E4B11BBF2275EE150075461B /* QueueActions.swift */,
				E440519B227BAF2E0090CD6F /* UIActions.swift */,
			);
			path = Actions;
			sourceTree = "<group>";
		};
		E4D1B594220BA2490026F233 /* Models */ = {
			isa = PBXGroup;
			children = (
				E4EB237A220F7CF1008C70C0 /* MPDAlbum.swift */,
				E45962C52241A78500FC1A1E /* MPDCommand.swift */,
				E4C8B53D22349002009A20F3 /* MPDIdle.swift */,
				E4EB2378220F10B8008C70C0 /* MPDPair.swift */,
				E4E8CC9922075D370024217A /* MPDSong.swift */,
				E4A642D922090CBE00067D21 /* MPDStatus.swift */,
				E42A4D4E22E20D7D001C6CAD /* MPDTag.swift */,
			);
			path = Models;
			sourceTree = "<group>";
		};
		E4D1B595220BA27C0026F233 /* Protocols */ = {
			isa = PBXGroup;
			children = (
				E4E8CC8F2204EC7F0024217A /* Delegate.swift */,
			);
			path = Protocols;
			sourceTree = "<group>";
		};
		E4E13C2C2350D8CB00092A6E /* Layouts */ = {
			isa = PBXGroup;
			children = (
				E47E2FE42220AA0700F747E6 /* FlexibleGridViewLayout.swift */,
			);
			path = Layouts;
			sourceTree = "<group>";
		};
		E4F6B461221E124700ACF42A /* Models */ = {
			isa = PBXGroup;
			children = (
				E450AD7D222620A10091BED3 /* Album.swift */,
				E442CCCC2347E73C00004E0C /* Artist.swift */,
				E43AC1F422C6A4F4001E483C /* DraggedAlbum.swift */,
				E451E36C22BD23DB008BE9B2 /* DraggedSong.swift */,
				E451E36A22BD214D008BE9B2 /* DraggedSongType.swift */,
				E4B11BA82274EDE30075461B /* Loading.swift */,
				E4FF71932276043A00D4C412 /* MPDServer.swift */,
				E4F6B462221E125900ACF42A /* QueueItem.swift */,
				E419E2862249B96600216A8C /* Song.swift */,
				E47E2FDC2220A6D100F747E6 /* Time.swift */,
				E4B11B72226A6C770075461B /* TrackTimer.swift */,
			);
			path = Models;
			sourceTree = "<group>";
		};
/* End PBXGroup section */

/* Begin PBXNativeTarget section */
		E40786172110CE6E006887B1 /* Persephone */ = {
			isa = PBXNativeTarget;
			buildConfigurationList = E407863E2110CE70006887B1 /* Build configuration list for PBXNativeTarget "Persephone" */;
			buildPhases = (
				E40786142110CE6E006887B1 /* Sources */,
				E40786152110CE6E006887B1 /* Frameworks */,
				E40786162110CE6E006887B1 /* Resources */,
				E42A98F122430936004D8180 /* ShellScript */,
				E421AC9B221F7319008B2449 /* CopyFiles */,
				E4B11BA52274E43B0075461B /* Embed Frameworks */,
			);
			buildRules = (
			);
			dependencies = (
			);
			name = Persephone;
			packageProductDependencies = (
				E49A5481233E580800EED353 /* PromiseKit */,
				E49A5484233E5ADC00EED353 /* Differ */,
				E49A5487233E5B0000EED353 /* ReSwift */,
				E49A548A233E5B2D00EED353 /* CryptoSwift */,
				E49A548D233E5B6000EED353 /* SwiftyJSON */,
				E4677C47233E60E70041474F /* MediaKeyTap */,
				E4E96D12233E630800AFD36F /* PMKFoundation */,
				E43BEC9F238835DC00CAF1EB /* Kingfisher */,
			);
			productName = Persephone;
			productReference = E40786182110CE6E006887B1 /* Persephone.app */;
			productType = "com.apple.product-type.application";
		};
		E40786292110CE70006887B1 /* PersephoneTests */ = {
			isa = PBXNativeTarget;
			buildConfigurationList = E40786412110CE70006887B1 /* Build configuration list for PBXNativeTarget "PersephoneTests" */;
			buildPhases = (
				E40786262110CE70006887B1 /* Sources */,
				E40786272110CE70006887B1 /* Frameworks */,
				E40786282110CE70006887B1 /* Resources */,
			);
			buildRules = (
			);
			dependencies = (
				E407862C2110CE70006887B1 /* PBXTargetDependency */,
			);
			name = PersephoneTests;
			productName = PersephoneTests;
			productReference = E407862A2110CE70006887B1 /* PersephoneTests.xctest */;
			productType = "com.apple.product-type.bundle.unit-test";
		};
		E40786342110CE70006887B1 /* PersephoneUITests */ = {
			isa = PBXNativeTarget;
			buildConfigurationList = E40786442110CE70006887B1 /* Build configuration list for PBXNativeTarget "PersephoneUITests" */;
			buildPhases = (
				E40786312110CE70006887B1 /* Sources */,
				E40786322110CE70006887B1 /* Frameworks */,
				E40786332110CE70006887B1 /* Resources */,
			);
			buildRules = (
			);
			dependencies = (
				E40786372110CE70006887B1 /* PBXTargetDependency */,
			);
			name = PersephoneUITests;
			productName = PersephoneUITests;
			productReference = E40786352110CE70006887B1 /* PersephoneUITests.xctest */;
			productType = "com.apple.product-type.bundle.ui-testing";
		};
/* End PBXNativeTarget section */

/* Begin PBXProject section */
		E40786102110CE6E006887B1 /* Project object */ = {
			isa = PBXProject;
			attributes = {
				LastSwiftUpdateCheck = 0940;
				LastUpgradeCheck = 0940;
				ORGANIZATIONNAME = "Dan Barber";
				TargetAttributes = {
					E40786172110CE6E006887B1 = {
						CreatedOnToolsVersion = 9.4.1;
						LastSwiftMigration = 1020;
						SystemCapabilities = {
							com.apple.HardenedRuntime = {
								enabled = 1;
							};
							com.apple.Sandbox = {
								enabled = 0;
							};
						};
					};
					E40786292110CE70006887B1 = {
						CreatedOnToolsVersion = 9.4.1;
						LastSwiftMigration = 1020;
						TestTargetID = E40786172110CE6E006887B1;
					};
					E40786342110CE70006887B1 = {
						CreatedOnToolsVersion = 9.4.1;
						LastSwiftMigration = 1020;
						TestTargetID = E40786172110CE6E006887B1;
					};
				};
			};
			buildConfigurationList = E40786132110CE6E006887B1 /* Build configuration list for PBXProject "Persephone" */;
			compatibilityVersion = "Xcode 10.0";
			developmentRegion = en;
			hasScannedForEncodings = 0;
			knownRegions = (
				en,
				Base,
			);
			mainGroup = E407860F2110CE6E006887B1;
			packageReferences = (
				E49A5480233E580800EED353 /* XCRemoteSwiftPackageReference "PromiseKit" */,
				E49A5483233E5ADC00EED353 /* XCRemoteSwiftPackageReference "Differ" */,
				E49A5486233E5B0000EED353 /* XCRemoteSwiftPackageReference "ReSwift" */,
				E49A5489233E5B2D00EED353 /* XCRemoteSwiftPackageReference "CryptoSwift" */,
				E49A548C233E5B6000EED353 /* XCRemoteSwiftPackageReference "SwiftyJSON" */,
				E4A9BEF9233E5F9000457785 /* XCRemoteSwiftPackageReference "MediaKeyTap" */,
				E4E96D11233E630800AFD36F /* XCRemoteSwiftPackageReference "Foundation" */,
				E43BEC9E238835DC00CAF1EB /* XCRemoteSwiftPackageReference "Kingfisher" */,
			);
			productRefGroup = E40786192110CE6E006887B1 /* Products */;
			projectDirPath = "";
			projectRoot = "";
			targets = (
				E40786172110CE6E006887B1 /* Persephone */,
				E40786292110CE70006887B1 /* PersephoneTests */,
				E40786342110CE70006887B1 /* PersephoneUITests */,
			);
		};
/* End PBXProject section */

/* Begin PBXResourcesBuildPhase section */
		E40786162110CE6E006887B1 /* Resources */ = {
			isa = PBXResourcesBuildPhase;
			buildActionMask = 2147483647;
			files = (
				E45E4FDB22515D87004B537F /* Brewfile in Resources */,
				E42A8F3B22176D6400A13ED9 /* LICENSE.md in Resources */,
				E45E4FDA22515D87004B537F /* CHANGELOG.md in Resources */,
				E43B67AB22909793007DCF55 /* AlbumDetailView.xib in Resources */,
				E489E3A522B9D31800CA8CBD /* DraggedSongView.xib in Resources */,
				E40786202110CE70006887B1 /* Assets.xcassets in Resources */,
				E42A8F3C22176D6400A13ED9 /* README.md in Resources */,
				E408D3CB220E341D0006D9BE /* AlbumViewItem.xib in Resources */,
				E40786232110CE70006887B1 /* Main.storyboard in Resources */,
			);
			runOnlyForDeploymentPostprocessing = 0;
		};
		E40786282110CE70006887B1 /* Resources */ = {
			isa = PBXResourcesBuildPhase;
			buildActionMask = 2147483647;
			files = (
			);
			runOnlyForDeploymentPostprocessing = 0;
		};
		E40786332110CE70006887B1 /* Resources */ = {
			isa = PBXResourcesBuildPhase;
			buildActionMask = 2147483647;
			files = (
			);
			runOnlyForDeploymentPostprocessing = 0;
		};
/* End PBXResourcesBuildPhase section */

/* Begin PBXShellScriptBuildPhase section */
		E42A98F122430936004D8180 /* ShellScript */ = {
			isa = PBXShellScriptBuildPhase;
			buildActionMask = 2147483647;
			files = (
			);
			inputFileListPaths = (
			);
			inputPaths = (
			);
			outputFileListPaths = (
			);
			outputPaths = (
			);
			runOnlyForDeploymentPostprocessing = 0;
			shellPath = /bin/sh;
			shellScript = "# Type a script or drag a script file from your workspace to insert its path.\n\ngit=`sh /etc/profile; which git`\nappBuild=`$git rev-list --all | wc -l`\nif [ $CONFIGURATION = \"Debug\" ]; then\nbranchName=`$git rev-parse --abbrev-ref HEAD`\n/usr/libexec/PlistBuddy -c \"Set :CFBundleVersion $appBuild-$branchName\" \"${TARGET_BUILD_DIR}/${INFOPLIST_PATH}\"\n/usr/libexec/PlistBuddy -c \"Set :CFBundleVersion $appBuild-$branchName\" \"${BUILT_PRODUCTS_DIR}/${WRAPPER_NAME}.dSYM/Contents/Info.plist\"\nelse\n/usr/libexec/PlistBuddy -c \"Set :CFBundleVersion $appBuild\" \"${TARGET_BUILD_DIR}/${INFOPLIST_PATH}\"\n/usr/libexec/PlistBuddy -c \"Set :CFBundleVersion $appBuild\" \"${BUILT_PRODUCTS_DIR}/${WRAPPER_NAME}.dSYM/Contents/Info.plist\"\nfi\necho \"Updated ${TARGET_BUILD_DIR}/${INFOPLIST_PATH}\"\n";
		};
/* End PBXShellScriptBuildPhase section */

/* Begin PBXSourcesBuildPhase section */
		E40786142110CE6E006887B1 /* Sources */ = {
			isa = PBXSourcesBuildPhase;
			buildActionMask = 2147483647;
			files = (
				E4A83BEF2221F8CF0098FED6 /* CoverArtPrefsController.swift in Sources */,
				E4F6B467221E233200ACF42A /* AlbumDataSource.swift in Sources */,
				E4B11BA92274EDE30075461B /* Loading.swift in Sources */,
				E408D3C2220E134F0006D9BE /* AlbumViewController.swift in Sources */,
				E42A4D4F22E20D7D001C6CAD /* MPDTag.swift in Sources */,
				E43AC1F522C6A4F4001E483C /* DraggedAlbum.swift in Sources */,
				E40FE71B221B904300A4223F /* NSEvent.swift in Sources */,
				E4B11BB62275374B0075461B /* UserNotificationsController.swift in Sources */,
				E43AC1F622C6AD0B001E483C /* AlbumViewController+NSCollectionViewDelegate.swift in Sources */,
				E4B11B68226A4FA00075461B /* QueueState.swift in Sources */,
				E4928E0B2218D62A001D4BEA /* CGColor.swift in Sources */,
				E4D3BFA622B419C000C56F48 /* QueueViewController+NSOutlineViewDelegate.swift in Sources */,
				E4405192227644340090CD6F /* MPDServerController.swift in Sources */,
				E4C8B53E22349002009A20F3 /* MPDIdle.swift in Sources */,
				E4F6B460221E119B00ACF42A /* QueueDataSource.swift in Sources */,
				E4C8B53C22342005009A20F3 /* PreferencesWindowController.swift in Sources */,
				E4B11B63226A4C510075461B /* AppReducer.swift in Sources */,
				E41E5307223C019100173814 /* MPDClient+Status.swift in Sources */,
				E442CCCD2347E73C00004E0C /* Artist.swift in Sources */,
				E41E530B223C033700173814 /* MPDClient+Album.swift in Sources */,
				E42410B62241B956005ED6DF /* MPDClient+Database.swift in Sources */,
				E4235640228623D2001216D6 /* QueueSongInfoView.swift in Sources */,
				E451E36E22BD2501008BE9B2 /* DraggedSong.swift in Sources */,
				E4A642DA22090CBE00067D21 /* MPDStatus.swift in Sources */,
				E4B11BC02275EE150075461B /* QueueActions.swift in Sources */,
				E450AD9522262DF10091BED3 /* CoverArtQueue.swift in Sources */,
				E43B67AD229194CD007DCF55 /* AlbumTracksDataSource.swift in Sources */,
				E41E52FD223BF87300173814 /* MPDClient+Connection.swift in Sources */,
				E450AD7E222620A10091BED3 /* Album.swift in Sources */,
				E4DA820623D6236200C1EE58 /* NSSize.swift in Sources */,
				E408D3B6220DD8970006D9BE /* Notification.swift in Sources */,
				E43AC1F822C7065A001E483C /* AlbumCoverButton.swift in Sources */,
				E45962C62241A78500FC1A1E /* MPDCommand.swift in Sources */,
				E408D3B9220DE98F0006D9BE /* NSUserInterfaceItemIdentifier.swift in Sources */,
				E4EB2379220F10B8008C70C0 /* MPDPair.swift in Sources */,
				E489E3A422B9D31800CA8CBD /* DraggedSongView.swift in Sources */,
				E440519E227BB0720090CD6F /* UIReducer.swift in Sources */,
				E43B67AA22909793007DCF55 /* AlbumDetailView.swift in Sources */,
				E4E7A6AD22AAAF98006D566C /* AlbumDetailView+NSTableViewDelegate.swift in Sources */,
				E4FF7190227601B400D4C412 /* PreferencesReducer.swift in Sources */,
				E4F6B463221E125900ACF42A /* QueueItem.swift in Sources */,
				E4A83BF12221FAA00098FED6 /* PreferencesViewController.swift in Sources */,
				E4B11BC22275EE410075461B /* AlbumListActions.swift in Sources */,
				E4F26F7B23411D5400D45FF9 /* MPDClient+Artist.swift in Sources */,
				E4B11B61226A4C000075461B /* PlayerReducer.swift in Sources */,
				E4FF71922276029000D4C412 /* PreferencesActions.swift in Sources */,
				E489E39922B85D0400CA8CBD /* NSPasteboard.swift in Sources */,
				E43AC1F122C68E6A001E483C /* NSPasteboardItem.swift in Sources */,
				E465049A21E94DF500A70F4C /* WindowController.swift in Sources */,
				E41B22C621FB932700D544F6 /* MPDClient.swift in Sources */,
				E47E2FDD2220A6D100F747E6 /* Time.swift in Sources */,
				E419E2872249B96600216A8C /* Song.swift in Sources */,
				E451E36B22BD214D008BE9B2 /* DraggedSongType.swift in Sources */,
				E4BBD2F323357C0700702C16 /* ArtistListState.swift in Sources */,
				E44051A0227BB0AB0090CD6F /* UIState.swift in Sources */,
				E4FF718E2276010E00D4C412 /* PreferencesState.swift in Sources */,
				E439109822640213002982E9 /* SongNotifierService.swift in Sources */,
				E4B3DF6523D66A4400728F6B /* QueueSongCoverView.swift in Sources */,
				E407861C2110CE6E006887B1 /* AppDelegate.swift in Sources */,
				E4B11B75226CC4D30075461B /* QueueReducer.swift in Sources */,
				E41E5309223C020400173814 /* MPDClient+Command.swift in Sources */,
				E4F26F7923411B1500D45FF9 /* ArtistReducer.swift in Sources */,
				E4B11B73226A6C770075461B /* TrackTimer.swift in Sources */,
				E44051942278765A0090CD6F /* App.swift in Sources */,
				E4B11B79226D346B0075461B /* AlbumListReducer.swift in Sources */,
				E47E2FE52220AA0700F747E6 /* FlexibleGridViewLayout.swift in Sources */,
				E41E52FF223BF95E00173814 /* MPDClient+Transport.swift in Sources */,
				E47E2FD322205D2500F747E6 /* MainWindow.swift in Sources */,
				E47E2FD122205C4600F747E6 /* MainSplitViewController.swift in Sources */,
				E4B5AE7E22F4C49600CCEC65 /* MPDServerDelegate.swift in Sources */,
				E4B11BB8227538FA0075461B /* CurrentCoverArtView.swift in Sources */,
				E4E8CC9A22075D370024217A /* MPDSong.swift in Sources */,
				E41EA46C221636AF0068EF46 /* GeneralPrefsViewController.swift in Sources */,
				E4E8CC902204EC7F0024217A /* Delegate.swift in Sources */,
				E47E2FD5222071FD00F747E6 /* AlbumViewItem.swift in Sources */,
				E408D3BE220E03EE0006D9BE /* RawRepresentable.swift in Sources */,
				E4B11B66226A4F830075461B /* PlayerState.swift in Sources */,
				E4B11BBE2275EDAA0075461B /* PlayerActions.swift in Sources */,
				E4F26F7723411AE300D45FF9 /* ArtistListActions.swift in Sources */,
				E4FF71942276043A00D4C412 /* MPDServer.swift in Sources */,
				E4E8CC922204F4B80024217A /* QueueViewController.swift in Sources */,
				E440519C227BAF2E0090CD6F /* UIActions.swift in Sources */,
				E45878382296173C00586A1C /* AlbumDetailSongRowView.swift in Sources */,
				E41E5301223BF99300173814 /* MPDClient+Queue.swift in Sources */,
				E4EB237B220F7CF1008C70C0 /* MPDAlbum.swift in Sources */,
				E41E5303223BF9C300173814 /* MPDClient+Idle.swift in Sources */,
				E4A3A6A122A457B600EA2C40 /* AlbumDetailSongListView.swift in Sources */,
				E4B11B53226928F20075461B /* AppState.swift in Sources */,
				E435E3E4221CD75D00184CFC /* NSImage.swift in Sources */,
				E4B11B6A226A4FBC0075461B /* AlbumListState.swift in Sources */,
				E41E5305223BFB0700173814 /* MPDClient+Error.swift in Sources */,
				E435E3E2221CD4E200184CFC /* NSFont.swift in Sources */,
				E489E39D22B9CF0000CA8CBD /* NSView.swift in Sources */,
				E42A4D5122E2167E001C6CAD /* MPDClient+Songs.swift in Sources */,
			);
			runOnlyForDeploymentPostprocessing = 0;
		};
		E40786262110CE70006887B1 /* Sources */ = {
			isa = PBXSourcesBuildPhase;
			buildActionMask = 2147483647;
			files = (
				E407862F2110CE70006887B1 /* PersephoneTests.swift in Sources */,
			);
			runOnlyForDeploymentPostprocessing = 0;
		};
		E40786312110CE70006887B1 /* Sources */ = {
			isa = PBXSourcesBuildPhase;
			buildActionMask = 2147483647;
			files = (
				E407863A2110CE70006887B1 /* PersephoneUITests.swift in Sources */,
			);
			runOnlyForDeploymentPostprocessing = 0;
		};
/* End PBXSourcesBuildPhase section */

/* Begin PBXTargetDependency section */
		E407862C2110CE70006887B1 /* PBXTargetDependency */ = {
			isa = PBXTargetDependency;
			target = E40786172110CE6E006887B1 /* Persephone */;
			targetProxy = E407862B2110CE70006887B1 /* PBXContainerItemProxy */;
		};
		E40786372110CE70006887B1 /* PBXTargetDependency */ = {
			isa = PBXTargetDependency;
			target = E40786172110CE6E006887B1 /* Persephone */;
			targetProxy = E40786362110CE70006887B1 /* PBXContainerItemProxy */;
		};
/* End PBXTargetDependency section */

/* Begin PBXVariantGroup section */
		E40786212110CE70006887B1 /* Main.storyboard */ = {
			isa = PBXVariantGroup;
			children = (
				E40786222110CE70006887B1 /* Base */,
			);
			name = Main.storyboard;
			sourceTree = "<group>";
		};
/* End PBXVariantGroup section */

/* Begin XCBuildConfiguration section */
		E407863C2110CE70006887B1 /* Debug */ = {
			isa = XCBuildConfiguration;
			buildSettings = {
				ALWAYS_SEARCH_USER_PATHS = NO;
				CLANG_ANALYZER_NONNULL = YES;
				CLANG_ANALYZER_NUMBER_OBJECT_CONVERSION = YES_AGGRESSIVE;
				CLANG_CXX_LANGUAGE_STANDARD = "gnu++14";
				CLANG_CXX_LIBRARY = "libc++";
				CLANG_ENABLE_MODULES = YES;
				CLANG_ENABLE_OBJC_ARC = YES;
				CLANG_ENABLE_OBJC_WEAK = YES;
				CLANG_WARN_BLOCK_CAPTURE_AUTORELEASING = YES;
				CLANG_WARN_BOOL_CONVERSION = YES;
				CLANG_WARN_COMMA = YES;
				CLANG_WARN_CONSTANT_CONVERSION = YES;
				CLANG_WARN_DEPRECATED_OBJC_IMPLEMENTATIONS = YES;
				CLANG_WARN_DIRECT_OBJC_ISA_USAGE = YES_ERROR;
				CLANG_WARN_DOCUMENTATION_COMMENTS = YES;
				CLANG_WARN_EMPTY_BODY = YES;
				CLANG_WARN_ENUM_CONVERSION = YES;
				CLANG_WARN_INFINITE_RECURSION = YES;
				CLANG_WARN_INT_CONVERSION = YES;
				CLANG_WARN_NON_LITERAL_NULL_CONVERSION = YES;
				CLANG_WARN_OBJC_IMPLICIT_RETAIN_SELF = YES;
				CLANG_WARN_OBJC_LITERAL_CONVERSION = YES;
				CLANG_WARN_OBJC_ROOT_CLASS = YES_ERROR;
				CLANG_WARN_RANGE_LOOP_ANALYSIS = YES;
				CLANG_WARN_STRICT_PROTOTYPES = YES;
				CLANG_WARN_SUSPICIOUS_MOVE = YES;
				CLANG_WARN_UNGUARDED_AVAILABILITY = YES_AGGRESSIVE;
				CLANG_WARN_UNREACHABLE_CODE = YES;
				CLANG_WARN__DUPLICATE_METHOD_MATCH = YES;
				CODE_SIGN_IDENTITY = "Mac Developer";
				COPY_PHASE_STRIP = NO;
				DEBUG_INFORMATION_FORMAT = dwarf;
				ENABLE_STRICT_OBJC_MSGSEND = YES;
				ENABLE_TESTABILITY = YES;
				GCC_C_LANGUAGE_STANDARD = gnu11;
				GCC_DYNAMIC_NO_PIC = NO;
				GCC_NO_COMMON_BLOCKS = YES;
				GCC_OPTIMIZATION_LEVEL = 0;
				GCC_PREPROCESSOR_DEFINITIONS = (
					"DEBUG=1",
					"$(inherited)",
				);
				GCC_WARN_64_TO_32_BIT_CONVERSION = YES;
				GCC_WARN_ABOUT_RETURN_TYPE = YES_ERROR;
				GCC_WARN_UNDECLARED_SELECTOR = YES;
				GCC_WARN_UNINITIALIZED_AUTOS = YES_AGGRESSIVE;
				GCC_WARN_UNUSED_FUNCTION = YES;
				GCC_WARN_UNUSED_VARIABLE = YES;
				MACOSX_DEPLOYMENT_TARGET = 10.13;
				MTL_ENABLE_DEBUG_INFO = YES;
				ONLY_ACTIVE_ARCH = YES;
				SDKROOT = macosx;
				SWIFT_ACTIVE_COMPILATION_CONDITIONS = DEBUG;
				SWIFT_OBJC_BRIDGING_HEADER = Persephone/PersephoneBridgingHeader.h;
				SWIFT_OPTIMIZATION_LEVEL = "-Onone";
			};
			name = Debug;
		};
		E407863D2110CE70006887B1 /* Release */ = {
			isa = XCBuildConfiguration;
			buildSettings = {
				ALWAYS_SEARCH_USER_PATHS = NO;
				CLANG_ANALYZER_NONNULL = YES;
				CLANG_ANALYZER_NUMBER_OBJECT_CONVERSION = YES_AGGRESSIVE;
				CLANG_CXX_LANGUAGE_STANDARD = "gnu++14";
				CLANG_CXX_LIBRARY = "libc++";
				CLANG_ENABLE_MODULES = YES;
				CLANG_ENABLE_OBJC_ARC = YES;
				CLANG_ENABLE_OBJC_WEAK = YES;
				CLANG_WARN_BLOCK_CAPTURE_AUTORELEASING = YES;
				CLANG_WARN_BOOL_CONVERSION = YES;
				CLANG_WARN_COMMA = YES;
				CLANG_WARN_CONSTANT_CONVERSION = YES;
				CLANG_WARN_DEPRECATED_OBJC_IMPLEMENTATIONS = YES;
				CLANG_WARN_DIRECT_OBJC_ISA_USAGE = YES_ERROR;
				CLANG_WARN_DOCUMENTATION_COMMENTS = YES;
				CLANG_WARN_EMPTY_BODY = YES;
				CLANG_WARN_ENUM_CONVERSION = YES;
				CLANG_WARN_INFINITE_RECURSION = YES;
				CLANG_WARN_INT_CONVERSION = YES;
				CLANG_WARN_NON_LITERAL_NULL_CONVERSION = YES;
				CLANG_WARN_OBJC_IMPLICIT_RETAIN_SELF = YES;
				CLANG_WARN_OBJC_LITERAL_CONVERSION = YES;
				CLANG_WARN_OBJC_ROOT_CLASS = YES_ERROR;
				CLANG_WARN_RANGE_LOOP_ANALYSIS = YES;
				CLANG_WARN_STRICT_PROTOTYPES = YES;
				CLANG_WARN_SUSPICIOUS_MOVE = YES;
				CLANG_WARN_UNGUARDED_AVAILABILITY = YES_AGGRESSIVE;
				CLANG_WARN_UNREACHABLE_CODE = YES;
				CLANG_WARN__DUPLICATE_METHOD_MATCH = YES;
				CODE_SIGN_IDENTITY = "Mac Developer";
				COPY_PHASE_STRIP = NO;
				DEBUG_INFORMATION_FORMAT = "dwarf-with-dsym";
				ENABLE_NS_ASSERTIONS = NO;
				ENABLE_STRICT_OBJC_MSGSEND = YES;
				GCC_C_LANGUAGE_STANDARD = gnu11;
				GCC_NO_COMMON_BLOCKS = YES;
				GCC_WARN_64_TO_32_BIT_CONVERSION = YES;
				GCC_WARN_ABOUT_RETURN_TYPE = YES_ERROR;
				GCC_WARN_UNDECLARED_SELECTOR = YES;
				GCC_WARN_UNINITIALIZED_AUTOS = YES_AGGRESSIVE;
				GCC_WARN_UNUSED_FUNCTION = YES;
				GCC_WARN_UNUSED_VARIABLE = YES;
				MACOSX_DEPLOYMENT_TARGET = 10.13;
				MTL_ENABLE_DEBUG_INFO = NO;
				SDKROOT = macosx;
				SWIFT_COMPILATION_MODE = wholemodule;
				SWIFT_OBJC_BRIDGING_HEADER = Persephone/PersephoneBridgingHeader.h;
				SWIFT_OPTIMIZATION_LEVEL = "-O";
			};
			name = Release;
		};
		E407863F2110CE70006887B1 /* Debug */ = {
			isa = XCBuildConfiguration;
			buildSettings = {
				ASSETCATALOG_COMPILER_APPICON_NAME = AppIcon;
				CODE_SIGN_IDENTITY = "Apple Development";
				CODE_SIGN_STYLE = Automatic;
				COMBINE_HIDPI_IMAGES = YES;
				DEVELOPMENT_TEAM = 8E7TQ638ZD;
				ENABLE_HARDENED_RUNTIME = YES;
				FRAMEWORK_SEARCH_PATHS = "$(inherited)";
				INFOPLIST_FILE = Persephone/Info.plist;
				LD_RUNPATH_SEARCH_PATHS = (
					"$(inherited)",
					"@executable_path/../Frameworks",
				);
				LIBRARY_SEARCH_PATHS = (
					"$(inherited)",
					"$(PROJECT_DIR)/libmpdclient/output",
				);
				MARKETING_VERSION = "0.15.0-prealpha";
				PRODUCT_BUNDLE_IDENTIFIER = me.danbarber.Persephone;
				PRODUCT_NAME = "$(TARGET_NAME)";
				PROVISIONING_PROFILE_SPECIFIER = "";
				SWIFT_VERSION = 5.0;
				SYSTEM_HEADER_SEARCH_PATHS = Persephone/include;
				USER_HEADER_SEARCH_PATHS = libmpdclient/output;
			};
			name = Debug;
		};
		E40786402110CE70006887B1 /* Release */ = {
			isa = XCBuildConfiguration;
			buildSettings = {
				ASSETCATALOG_COMPILER_APPICON_NAME = AppIcon;
				CODE_SIGN_IDENTITY = "Apple Development";
				CODE_SIGN_STYLE = Automatic;
				COMBINE_HIDPI_IMAGES = YES;
				DEVELOPMENT_TEAM = 8E7TQ638ZD;
				ENABLE_HARDENED_RUNTIME = YES;
				FRAMEWORK_SEARCH_PATHS = "$(inherited)";
				INFOPLIST_FILE = Persephone/Info.plist;
				LD_RUNPATH_SEARCH_PATHS = (
					"$(inherited)",
					"@executable_path/../Frameworks",
				);
				LIBRARY_SEARCH_PATHS = (
					"$(inherited)",
					"$(PROJECT_DIR)/libmpdclient/output",
				);
				MARKETING_VERSION = "0.15.0-prealpha";
				PRODUCT_BUNDLE_IDENTIFIER = me.danbarber.Persephone;
				PRODUCT_NAME = "$(TARGET_NAME)";
				PROVISIONING_PROFILE_SPECIFIER = "";
				SWIFT_VERSION = 5.0;
				SYSTEM_HEADER_SEARCH_PATHS = Persephone/include;
				USER_HEADER_SEARCH_PATHS = libmpdclient/output;
			};
			name = Release;
		};
		E40786422110CE70006887B1 /* Debug */ = {
			isa = XCBuildConfiguration;
			buildSettings = {
				ALWAYS_EMBED_SWIFT_STANDARD_LIBRARIES = YES;
				BUNDLE_LOADER = "$(TEST_HOST)";
				CODE_SIGN_IDENTITY = "-";
				CODE_SIGN_STYLE = Manual;
				COMBINE_HIDPI_IMAGES = YES;
				DEVELOPMENT_TEAM = BDEE7ZBFZ3;
				INFOPLIST_FILE = PersephoneTests/Info.plist;
				LD_RUNPATH_SEARCH_PATHS = (
					"$(inherited)",
					"@executable_path/../Frameworks",
					"@loader_path/../Frameworks",
				);
				LIBRARY_SEARCH_PATHS = (
					"$(inherited)",
					"$(PROJECT_DIR)/libmpdclient/output",
				);
				PRODUCT_BUNDLE_IDENTIFIER = me.danbarber.PersephoneTests;
				PRODUCT_NAME = "$(TARGET_NAME)";
				PROVISIONING_PROFILE_SPECIFIER = "";
				SWIFT_VERSION = 5.0;
				SYSTEM_HEADER_SEARCH_PATHS = Persephone/include;
				TEST_HOST = "$(BUILT_PRODUCTS_DIR)/Persephone.app/Contents/MacOS/Persephone";
				USER_HEADER_SEARCH_PATHS = libmpdclient/output;
			};
			name = Debug;
		};
		E40786432110CE70006887B1 /* Release */ = {
			isa = XCBuildConfiguration;
			buildSettings = {
				ALWAYS_EMBED_SWIFT_STANDARD_LIBRARIES = YES;
				BUNDLE_LOADER = "$(TEST_HOST)";
				CODE_SIGN_IDENTITY = "-";
				CODE_SIGN_STYLE = Manual;
				COMBINE_HIDPI_IMAGES = YES;
				DEVELOPMENT_TEAM = BDEE7ZBFZ3;
				INFOPLIST_FILE = PersephoneTests/Info.plist;
				LD_RUNPATH_SEARCH_PATHS = (
					"$(inherited)",
					"@executable_path/../Frameworks",
					"@loader_path/../Frameworks",
				);
				LIBRARY_SEARCH_PATHS = (
					"$(inherited)",
					"$(PROJECT_DIR)/libmpdclient/output",
				);
				PRODUCT_BUNDLE_IDENTIFIER = me.danbarber.PersephoneTests;
				PRODUCT_NAME = "$(TARGET_NAME)";
				PROVISIONING_PROFILE_SPECIFIER = "";
				SWIFT_VERSION = 5.0;
				SYSTEM_HEADER_SEARCH_PATHS = Persephone/include;
				TEST_HOST = "$(BUILT_PRODUCTS_DIR)/Persephone.app/Contents/MacOS/Persephone";
				USER_HEADER_SEARCH_PATHS = libmpdclient/output;
			};
			name = Release;
		};
		E40786452110CE70006887B1 /* Debug */ = {
			isa = XCBuildConfiguration;
			buildSettings = {
				ALWAYS_EMBED_SWIFT_STANDARD_LIBRARIES = YES;
				CODE_SIGN_IDENTITY = "-";
				CODE_SIGN_STYLE = Manual;
				COMBINE_HIDPI_IMAGES = YES;
				DEVELOPMENT_TEAM = BDEE7ZBFZ3;
				INFOPLIST_FILE = PersephoneUITests/Info.plist;
				LD_RUNPATH_SEARCH_PATHS = (
					"$(inherited)",
					"@executable_path/../Frameworks",
					"@loader_path/../Frameworks",
				);
				PRODUCT_BUNDLE_IDENTIFIER = me.danbarber.PersephoneUITests;
				PRODUCT_NAME = "$(TARGET_NAME)";
				PROVISIONING_PROFILE_SPECIFIER = "";
				SWIFT_VERSION = 5.0;
				TEST_TARGET_NAME = Persephone;
			};
			name = Debug;
		};
		E40786462110CE70006887B1 /* Release */ = {
			isa = XCBuildConfiguration;
			buildSettings = {
				ALWAYS_EMBED_SWIFT_STANDARD_LIBRARIES = YES;
				CODE_SIGN_IDENTITY = "-";
				CODE_SIGN_STYLE = Manual;
				COMBINE_HIDPI_IMAGES = YES;
				DEVELOPMENT_TEAM = BDEE7ZBFZ3;
				INFOPLIST_FILE = PersephoneUITests/Info.plist;
				LD_RUNPATH_SEARCH_PATHS = (
					"$(inherited)",
					"@executable_path/../Frameworks",
					"@loader_path/../Frameworks",
				);
				PRODUCT_BUNDLE_IDENTIFIER = me.danbarber.PersephoneUITests;
				PRODUCT_NAME = "$(TARGET_NAME)";
				PROVISIONING_PROFILE_SPECIFIER = "";
				SWIFT_VERSION = 5.0;
				TEST_TARGET_NAME = Persephone;
			};
			name = Release;
		};
/* End XCBuildConfiguration section */

/* Begin XCConfigurationList section */
		E40786132110CE6E006887B1 /* Build configuration list for PBXProject "Persephone" */ = {
			isa = XCConfigurationList;
			buildConfigurations = (
				E407863C2110CE70006887B1 /* Debug */,
				E407863D2110CE70006887B1 /* Release */,
			);
			defaultConfigurationIsVisible = 0;
			defaultConfigurationName = Release;
		};
		E407863E2110CE70006887B1 /* Build configuration list for PBXNativeTarget "Persephone" */ = {
			isa = XCConfigurationList;
			buildConfigurations = (
				E407863F2110CE70006887B1 /* Debug */,
				E40786402110CE70006887B1 /* Release */,
			);
			defaultConfigurationIsVisible = 0;
			defaultConfigurationName = Release;
		};
		E40786412110CE70006887B1 /* Build configuration list for PBXNativeTarget "PersephoneTests" */ = {
			isa = XCConfigurationList;
			buildConfigurations = (
				E40786422110CE70006887B1 /* Debug */,
				E40786432110CE70006887B1 /* Release */,
			);
			defaultConfigurationIsVisible = 0;
			defaultConfigurationName = Release;
		};
		E40786442110CE70006887B1 /* Build configuration list for PBXNativeTarget "PersephoneUITests" */ = {
			isa = XCConfigurationList;
			buildConfigurations = (
				E40786452110CE70006887B1 /* Debug */,
				E40786462110CE70006887B1 /* Release */,
			);
			defaultConfigurationIsVisible = 0;
			defaultConfigurationName = Release;
		};
/* End XCConfigurationList section */

/* Begin XCRemoteSwiftPackageReference section */
		E43BEC9E238835DC00CAF1EB /* XCRemoteSwiftPackageReference "Kingfisher" */ = {
			isa = XCRemoteSwiftPackageReference;
			repositoryURL = "https://github.com/onevcat/Kingfisher.git";
			requirement = {
				kind = upToNextMajorVersion;
				minimumVersion = 5.10.1;
			};
		};
		E49A5480233E580800EED353 /* XCRemoteSwiftPackageReference "PromiseKit" */ = {
			isa = XCRemoteSwiftPackageReference;
			repositoryURL = "https://github.com/mxcl/PromiseKit";
			requirement = {
				kind = upToNextMajorVersion;
				minimumVersion = 6.11.0;
			};
		};
		E49A5483233E5ADC00EED353 /* XCRemoteSwiftPackageReference "Differ" */ = {
			isa = XCRemoteSwiftPackageReference;
			repositoryURL = "https://github.com/tonyarnold/Differ";
			requirement = {
				kind = upToNextMajorVersion;
				minimumVersion = 1.4.3;
			};
		};
		E49A5486233E5B0000EED353 /* XCRemoteSwiftPackageReference "ReSwift" */ = {
			isa = XCRemoteSwiftPackageReference;
			repositoryURL = "https://github.com/ReSwift/ReSwift";
			requirement = {
				kind = upToNextMajorVersion;
				minimumVersion = 5.0.0;
			};
		};
		E49A5489233E5B2D00EED353 /* XCRemoteSwiftPackageReference "CryptoSwift" */ = {
			isa = XCRemoteSwiftPackageReference;
			repositoryURL = "https://github.com/krzyzanowskim/CryptoSwift";
			requirement = {
				kind = upToNextMajorVersion;
				minimumVersion = 1.0.0;
			};
		};
		E49A548C233E5B6000EED353 /* XCRemoteSwiftPackageReference "SwiftyJSON" */ = {
			isa = XCRemoteSwiftPackageReference;
			repositoryURL = "https://github.com/SwiftyJSON/SwiftyJSON";
			requirement = {
				kind = upToNextMajorVersion;
				minimumVersion = 5.0.0;
			};
		};
		E4A9BEF9233E5F9000457785 /* XCRemoteSwiftPackageReference "MediaKeyTap" */ = {
			isa = XCRemoteSwiftPackageReference;
			repositoryURL = "https://github.com/danbee/MediaKeyTap";
			requirement = {
				branch = "add-package-swift";
				kind = branch;
			};
		};
		E4E96D11233E630800AFD36F /* XCRemoteSwiftPackageReference "Foundation" */ = {
			isa = XCRemoteSwiftPackageReference;
			repositoryURL = "https://github.com/PromiseKit/Foundation";
			requirement = {
				kind = upToNextMajorVersion;
				minimumVersion = 3.3.3;
			};
		};
/* End XCRemoteSwiftPackageReference section */

/* Begin XCSwiftPackageProductDependency section */
		E43BEC9F238835DC00CAF1EB /* Kingfisher */ = {
			isa = XCSwiftPackageProductDependency;
			package = E43BEC9E238835DC00CAF1EB /* XCRemoteSwiftPackageReference "Kingfisher" */;
			productName = Kingfisher;
		};
		E4677C47233E60E70041474F /* MediaKeyTap */ = {
			isa = XCSwiftPackageProductDependency;
			package = E4A9BEF9233E5F9000457785 /* XCRemoteSwiftPackageReference "MediaKeyTap" */;
			productName = MediaKeyTap;
		};
		E49A5481233E580800EED353 /* PromiseKit */ = {
			isa = XCSwiftPackageProductDependency;
			package = E49A5480233E580800EED353 /* XCRemoteSwiftPackageReference "PromiseKit" */;
			productName = PromiseKit;
		};
		E49A5484233E5ADC00EED353 /* Differ */ = {
			isa = XCSwiftPackageProductDependency;
			package = E49A5483233E5ADC00EED353 /* XCRemoteSwiftPackageReference "Differ" */;
			productName = Differ;
		};
		E49A5487233E5B0000EED353 /* ReSwift */ = {
			isa = XCSwiftPackageProductDependency;
			package = E49A5486233E5B0000EED353 /* XCRemoteSwiftPackageReference "ReSwift" */;
			productName = ReSwift;
		};
		E49A548A233E5B2D00EED353 /* CryptoSwift */ = {
			isa = XCSwiftPackageProductDependency;
			package = E49A5489233E5B2D00EED353 /* XCRemoteSwiftPackageReference "CryptoSwift" */;
			productName = CryptoSwift;
		};
		E49A548D233E5B6000EED353 /* SwiftyJSON */ = {
			isa = XCSwiftPackageProductDependency;
			package = E49A548C233E5B6000EED353 /* XCRemoteSwiftPackageReference "SwiftyJSON" */;
			productName = SwiftyJSON;
		};
		E4E96D12233E630800AFD36F /* PMKFoundation */ = {
			isa = XCSwiftPackageProductDependency;
			package = E4E96D11233E630800AFD36F /* XCRemoteSwiftPackageReference "Foundation" */;
			productName = PMKFoundation;
		};
/* End XCSwiftPackageProductDependency section */
	};
	rootObject = E40786102110CE6E006887B1 /* Project object */;
}
