{
  "object": {
    "pins": [
      {
        "package": "PromiseKit",
        "repositoryURL": "https://github.com/mxcl/PromiseKit",
        "state": {
          "branch": null,
          "revision": "4d8d1287d2e50c53a9f8430ffe88925292838c57",
          "version": "6.11.0"
        }
      }
    ]
  },
  "version": 1
}
